{
  "object": {
    "pins": [
      {
        "package": "CwlCatchException",
        "repositoryURL": "https://github.com/mattgallagher/CwlCatchException.git",
        "state": {
          "branch": null,
          "revision": "35f9e770f54ce62dd8526470f14c6e137cef3eea",
          "version": "2.1.1"
        }
      },
      {
        "package": "CwlPreconditionTesting",
        "repositoryURL": "https://github.com/mattgallagher/CwlPreconditionTesting.git",
        "state": {
          "branch": null,
          "revision": "c21f7bab5ca8eee0a9998bbd17ca1d0eb45d4688",
          "version": "2.1.0"
        }
      },
      {
        "package": "MapboxCommon",
        "repositoryURL": "https://github.com/mapbox/mapbox-common-ios.git",
        "state": {
          "branch": null,
          "revision": "e39540d5e8c8709db5ca53f0fdaeea64e351548c",
          "version": "22.1.0"
        }
      },
      {
        "package": "MapboxCoreMaps",
        "repositoryURL": "https://github.com/mapbox/mapbox-core-maps-ios.git",
        "state": {
          "branch": null,
          "revision": "2d9dc9f1fddf7e5fc14701b4d151b960c9c8745d",
          "version": "10.7.0"
        }
      },
      {
        "package": "MapboxDirections",
        "repositoryURL": "https://github.com/mapbox/mapbox-directions-swift.git",
        "state": {
          "branch": null,
          "revision": "084d57e97338ff017bc33bfd8295b6ac08aff13d",
          "version": "2.7.1"
        }
      },
      {
        "package": "MapboxMobileEvents",
        "repositoryURL": "https://github.com/mapbox/mapbox-events-ios.git",
        "state": {
          "branch": null,
          "revision": "5e130fba637f5bbb0bb8bca0dec8d38a06ce07bf",
          "version": "1.0.8"
        }
      },
      {
        "package": "MapboxMaps",
        "repositoryURL": "https://github.com/mapbox/mapbox-maps-ios.git",
        "state": {
          "branch": null,
          "revision": "e50c17c992a9b1d519b2808e4d66193ca259cd39",
          "version": "10.7.0"
        }
      },
      {
        "package": "MapboxNavigationNative",
        "repositoryURL": "https://github.com/mapbox/mapbox-navigation-native-ios.git",
        "state": {
          "branch": null,
          "revision": "1520d56638cdb073ac401628eb4ce55036d1a349",
          "version": "111.0.1"
        }
      },
      {
        "package": "MapboxSpeech",
        "repositoryURL": "https://github.com/mapbox/mapbox-speech-swift.git",
        "state": {
          "branch": null,
          "revision": "285622fa9734d4b28c9eca10fa59a47699ca39fd",
          "version": "2.1.0"
        }
      },
      {
        "package": "Nimble",
        "repositoryURL": "https://github.com/Quick/Nimble.git",
        "state": {
          "branch": null,
          "revision": "c93f16c25af5770f0d3e6af27c9634640946b068",
          "version": "9.2.1"
        }
      },
      {
        "package": "OHHTTPStubs",
        "repositoryURL": "https://github.com/AliSoftware/OHHTTPStubs.git",
        "state": {
          "branch": null,
          "revision": "12f19662426d0434d6c330c6974d53e2eb10ecd9",
          "version": "9.1.0"
        }
      },
      {
        "package": "Polyline",
        "repositoryURL": "https://github.com/raphaelmor/Polyline.git",
        "state": {
          "branch": null,
          "revision": "554a15b15ff33cf6757f4cb693c5c285fe58694e",
          "version": "5.0.3"
        }
      },
      {
        "package": "Quick",
        "repositoryURL": "https://github.com/Quick/Quick.git",
        "state": {
          "branch": null,
          "revision": "8cce6acd38f965f5baa3167b939f86500314022b",
          "version": "3.1.2"
        }
      },
      {
        "package": "Solar",
        "repositoryURL": "https://github.com/ceeK/Solar.git",
        "state": {
          "branch": null,
          "revision": "c2b96f2d5fb7f835b91cefac5e83101f54643901",
          "version": "3.0.1"
        }
      },
      {
        "package": "swift-argument-parser",
        "repositoryURL": "https://github.com/apple/swift-argument-parser",
        "state": {
          "branch": null,
          "revision": "fddd1c00396eed152c45a46bea9f47b98e59301d",
          "version": "1.2.0"
        }
      },
      {
        "package": "SnapshotTesting",
        "repositoryURL": "https://github.com/pointfreeco/swift-snapshot-testing.git",
        "state": {
          "branch": null,
          "revision": "f8a9c997c3c1dab4e216a8ec9014e23144cbab37",
          "version": "1.9.0"
        }
      },
      {
        "package": "Turf",
        "repositoryURL": "https://github.com/mapbox/turf-swift.git",
        "state": {
          "branch": null,
          "revision": "dbc07b0a298d642414d3abec59c9eaba1fb3367f",
          "version": "2.5.0"
        }
      }
    ]
  },
  "version": 1
}
