{
  "object": {
    "pins": [
      {
        "package": "CwlCatchException",
        "repositoryURL": "https://github.com/mattgallagher/CwlCatchException.git",
        "state": {
          "branch": null,
          "revision": "35f9e770f54ce62dd8526470f14c6e137cef3eea",
          "version": "2.1.1"
        }
      },
      {
        "package": "CwlPreconditionTesting",
        "repositoryURL": "https://github.com/mattgallagher/CwlPreconditionTesting.git",
        "state": {
          "branch": null,
          "revision": "c21f7bab5ca8eee0a9998bbd17ca1d0eb45d4688",
          "version": "2.1.0"
        }
      },
      {
        "package": "MapboxCommon",
        "repositoryURL": "https://github.com/mapbox/mapbox-common-ios.git",
        "state": {
          "branch": null,
          "revision": "d38abed1cfca3843308d478450c3d8b07a797c5a",
          "version": "23.4.0-rc.1"
        }
      },
      {
        "package": "MapboxCoreMaps",
        "repositoryURL": "https://github.com/mapbox/mapbox-core-maps-ios.git",
        "state": {
          "branch": null,
          "revision": "82706a65bf7a51818d943c91f014d17588b0f65e",
          "version": "10.12.0-rc.1"
        }
      },
      {
        "package": "MapboxDirections",
        "repositoryURL": "https://github.com/mapbox/mapbox-directions-swift.git",
        "state": {
          "branch": null,
          "revision": "9714ec6451bec68ce7a753b8070a0b5664019a1c",
          "version": "2.11.0-alpha.1"
        }
      },
      {
        "package": "MapboxMobileEvents",
        "repositoryURL": "https://github.com/mapbox/mapbox-events-ios.git",
        "state": {
          "branch": null,
          "revision": "91ae071c0232c144251dfe0d0724525deaf293d4",
          "version": "1.0.10"
        }
      },
      {
        "package": "MapboxMaps",
        "repositoryURL": "https://github.com/mapbox/mapbox-maps-ios.git",
        "state": {
          "branch": null,
          "revision": "e47d5d6f2b55b0decd9d60b47b3c9c9b6c726fa3",
          "version": "10.12.0-rc.1"
        }
      },
      {
        "package": "MapboxNavigationNative",
        "repositoryURL": "https://github.com/mapbox/mapbox-navigation-native-ios.git",
        "state": {
          "branch": null,
          "revision": "c5c7e474f8e15a50ae77aad66cc718c30366a087",
          "version": "129.0.0"
        }
      },
      {
        "package": "MapboxSpeech",
        "repositoryURL": "https://github.com/mapbox/mapbox-speech-swift.git",
        "state": {
          "branch": null,
          "revision": "a9ef284deae227c6111c27a3535098c1e9a9d8e3",
          "version": "2.1.1"
        }
      },
      {
        "package": "OHHTTPStubs",
        "repositoryURL": "https://github.com/AliSoftware/OHHTTPStubs.git",
        "state": {
          "branch": null,
          "revision": "12f19662426d0434d6c330c6974d53e2eb10ecd9",
          "version": "9.1.0"
        }
      },
      {
        "package": "Polyline",
        "repositoryURL": "https://github.com/raphaelmor/Polyline.git",
        "state": {
          "branch": null,
          "revision": "353f80378dcd8f17eefe8550090c6b1ae3c9da23",
          "version": "5.1.0"
        }
      },
      {
        "package": "Solar",
        "repositoryURL": "https://github.com/ceeK/Solar.git",
        "state": {
          "branch": null,
          "revision": "c2b96f2d5fb7f835b91cefac5e83101f54643901",
          "version": "3.0.1"
        }
      },
      {
        "package": "swift-argument-parser",
        "repositoryURL": "https://github.com/apple/swift-argument-parser",
        "state": {
          "branch": null,
          "revision": "fee6933f37fde9a5e12a1e4aeaa93fe60116ff2a",
          "version": "1.2.2"
        }
      },
      {
        "package": "SnapshotTesting",
        "repositoryURL": "https://github.com/pointfreeco/swift-snapshot-testing.git",
        "state": {
          "branch": null,
          "revision": "f8a9c997c3c1dab4e216a8ec9014e23144cbab37",
          "version": "1.9.0"
        }
      },
      {
        "package": "Turf",
        "repositoryURL": "https://github.com/mapbox/turf-swift.git",
        "state": {
          "branch": null,
          "revision": "87b5b37108ba9f37f0885b586d8f6355d8240dd8",
          "version": "2.6.1"
        }
      }
    ]
  },
  "version": 1
}
