// !$*UTF8*$!
{
	archiveVersion = 1;
	classes = {
	};
	objectVersion = 46;
	objects = {

/* Begin PBXBuildFile section */
		354620B51E3A4FBF00BAD0B3 /* main.m in Sources */ = {isa = PBXBuildFile; fileRef = 354620B41E3A4FBF00BAD0B3 /* main.m */; };
		354620C21E3A543A00BAD0B3 /* DummyTest.swift in Sources */ = {isa = PBXBuildFile; fileRef = 354620C11E3A543A00BAD0B3 /* DummyTest.swift */; };
		354620D01E3A545100BAD0B3 /* DummyTest.m in Sources */ = {isa = PBXBuildFile; fileRef = 354620CF1E3A545100BAD0B3 /* DummyTest.m */; };
		35A7DB721E39FA1F000BAB5C /* AppDelegate.swift in Sources */ = {isa = PBXBuildFile; fileRef = 35A7DB711E39FA1F000BAB5C /* AppDelegate.swift */; };
		35A7DB741E39FA1F000BAB5C /* ViewController.swift in Sources */ = {isa = PBXBuildFile; fileRef = 35A7DB731E39FA1F000BAB5C /* ViewController.swift */; };
		35A7DB771E39FA1F000BAB5C /* Main.storyboard in Resources */ = {isa = PBXBuildFile; fileRef = 35A7DB751E39FA1F000BAB5C /* Main.storyboard */; };
		35A7DB791E39FA1F000BAB5C /* Assets.xcassets in Resources */ = {isa = PBXBuildFile; fileRef = 35A7DB781E39FA1F000BAB5C /* Assets.xcassets */; };
		35A7DB7C1E39FA1F000BAB5C /* LaunchScreen.storyboard in Resources */ = {isa = PBXBuildFile; fileRef = 35A7DB7A1E39FA1F000BAB5C /* LaunchScreen.storyboard */; };
		35A7DBCD1E3A0382000BAB5C /* AppDelegate.m in Sources */ = {isa = PBXBuildFile; fileRef = 35A7DBCC1E3A0382000BAB5C /* AppDelegate.m */; };
		35A7DBD01E3A0382000BAB5C /* ViewController.m in Sources */ = {isa = PBXBuildFile; fileRef = 35A7DBCF1E3A0382000BAB5C /* ViewController.m */; };
		35A7DBD31E3A0382000BAB5C /* Main.storyboard in Resources */ = {isa = PBXBuildFile; fileRef = 35A7DBD11E3A0382000BAB5C /* Main.storyboard */; };
		35A7DBD51E3A0382000BAB5C /* Assets.xcassets in Resources */ = {isa = PBXBuildFile; fileRef = 35A7DBD41E3A0382000BAB5C /* Assets.xcassets */; };
		35A7DBD81E3A0382000BAB5C /* LaunchScreen.storyboard in Resources */ = {isa = PBXBuildFile; fileRef = 35A7DBD61E3A0382000BAB5C /* LaunchScreen.storyboard */; };
		35C3676E1E5CF06700744D33 /* MapboxNavigation.framework in Frameworks */ = {isa = PBXBuildFile; fileRef = 35CEA3401E5CE97D009F2255 /* MapboxNavigation.framework */; };
		35C3676F1E5CF06700744D33 /* MapboxNavigation.framework in Embed Frameworks */ = {isa = PBXBuildFile; fileRef = 35CEA3401E5CE97D009F2255 /* MapboxNavigation.framework */; settings = {ATTRIBUTES = (CodeSignOnCopy, RemoveHeadersOnCopy, ); }; };
		35C367721E5CF06700744D33 /* MapboxNavigationUI.framework in Frameworks */ = {isa = PBXBuildFile; fileRef = 35CEA3441E5CE97D009F2255 /* MapboxNavigationUI.framework */; };
		35C367731E5CF06700744D33 /* MapboxNavigationUI.framework in Embed Frameworks */ = {isa = PBXBuildFile; fileRef = 35CEA3441E5CE97D009F2255 /* MapboxNavigationUI.framework */; settings = {ATTRIBUTES = (CodeSignOnCopy, RemoveHeadersOnCopy, ); }; };
		35C3677A1E5CF0BE00744D33 /* Mapbox.framework in Frameworks */ = {isa = PBXBuildFile; fileRef = 35C367791E5CF0BE00744D33 /* Mapbox.framework */; };
		35C3677B1E5CF0BE00744D33 /* Mapbox.framework in Embed Frameworks */ = {isa = PBXBuildFile; fileRef = 35C367791E5CF0BE00744D33 /* Mapbox.framework */; settings = {ATTRIBUTES = (CodeSignOnCopy, RemoveHeadersOnCopy, ); }; };
		35C3677D1E5CF0DB00744D33 /* MapboxDirections.framework in Frameworks */ = {isa = PBXBuildFile; fileRef = 35C3677C1E5CF0DB00744D33 /* MapboxDirections.framework */; };
		35C3677E1E5CF0DB00744D33 /* MapboxDirections.framework in Embed Frameworks */ = {isa = PBXBuildFile; fileRef = 35C3677C1E5CF0DB00744D33 /* MapboxDirections.framework */; settings = {ATTRIBUTES = (CodeSignOnCopy, RemoveHeadersOnCopy, ); }; };
		35C367801E5CF0E800744D33 /* MapboxGeocoder.framework in Frameworks */ = {isa = PBXBuildFile; fileRef = 35C3677F1E5CF0E800744D33 /* MapboxGeocoder.framework */; };
		35C367811E5CF0E800744D33 /* MapboxGeocoder.framework in Embed Frameworks */ = {isa = PBXBuildFile; fileRef = 35C3677F1E5CF0E800744D33 /* MapboxGeocoder.framework */; settings = {ATTRIBUTES = (CodeSignOnCopy, RemoveHeadersOnCopy, ); }; };
		35C367831E5CF0FB00744D33 /* Polyline.framework in Frameworks */ = {isa = PBXBuildFile; fileRef = 35C367821E5CF0FB00744D33 /* Polyline.framework */; };
		35C367841E5CF0FB00744D33 /* Polyline.framework in Embed Frameworks */ = {isa = PBXBuildFile; fileRef = 35C367821E5CF0FB00744D33 /* Polyline.framework */; settings = {ATTRIBUTES = (CodeSignOnCopy, RemoveHeadersOnCopy, ); }; };
		35C367861E5CF11300744D33 /* Pulley.framework in Frameworks */ = {isa = PBXBuildFile; fileRef = 35C367851E5CF11300744D33 /* Pulley.framework */; };
		35C367871E5CF11300744D33 /* Pulley.framework in Embed Frameworks */ = {isa = PBXBuildFile; fileRef = 35C367851E5CF11300744D33 /* Pulley.framework */; settings = {ATTRIBUTES = (CodeSignOnCopy, RemoveHeadersOnCopy, ); }; };
		35C367891E5CF11D00744D33 /* SDWebImage.framework in Frameworks */ = {isa = PBXBuildFile; fileRef = 35C367881E5CF11D00744D33 /* SDWebImage.framework */; };
		35C3678A1E5CF11D00744D33 /* SDWebImage.framework in Embed Frameworks */ = {isa = PBXBuildFile; fileRef = 35C367881E5CF11D00744D33 /* SDWebImage.framework */; settings = {ATTRIBUTES = (CodeSignOnCopy, RemoveHeadersOnCopy, ); }; };
		35CEA35B1E5CEC5C009F2255 /* MapboxNavigation.framework in Frameworks */ = {isa = PBXBuildFile; fileRef = 35CEA3401E5CE97D009F2255 /* MapboxNavigation.framework */; };
		35CEA35C1E5CEC5C009F2255 /* MapboxNavigation.framework in Embed Frameworks */ = {isa = PBXBuildFile; fileRef = 35CEA3401E5CE97D009F2255 /* MapboxNavigation.framework */; settings = {ATTRIBUTES = (CodeSignOnCopy, RemoveHeadersOnCopy, ); }; };
		35CEA3601E5CEC62009F2255 /* MapboxNavigationUI.framework in Frameworks */ = {isa = PBXBuildFile; fileRef = 35CEA3441E5CE97D009F2255 /* MapboxNavigationUI.framework */; };
		35CEA3611E5CEC62009F2255 /* MapboxNavigationUI.framework in Embed Frameworks */ = {isa = PBXBuildFile; fileRef = 35CEA3441E5CE97D009F2255 /* MapboxNavigationUI.framework */; settings = {ATTRIBUTES = (CodeSignOnCopy, RemoveHeadersOnCopy, ); }; };
/* End PBXBuildFile section */

/* Begin PBXContainerItemProxy section */
		354620C41E3A543A00BAD0B3 /* PBXContainerItemProxy */ = {
			isa = PBXContainerItemProxy;
			containerPortal = 35A7DB661E39FA1F000BAB5C /* Project object */;
			proxyType = 1;
			remoteGlobalIDString = 35A7DB6D1E39FA1F000BAB5C;
			remoteInfo = "Example-Swift";
		};
		354620D21E3A545100BAD0B3 /* PBXContainerItemProxy */ = {
			isa = PBXContainerItemProxy;
			containerPortal = 35A7DB661E39FA1F000BAB5C /* Project object */;
			proxyType = 1;
			remoteGlobalIDString = 35A7DBC51E3A0382000BAB5C;
			remoteInfo = "Example-Objective-C";
		};
		35C367681E5CEF7500744D33 /* PBXContainerItemProxy */ = {
			isa = PBXContainerItemProxy;
			containerPortal = 35CEA3391E5CE97C009F2255 /* MapboxNavigation.xcodeproj */;
			proxyType = 1;
			remoteGlobalIDString = C5ADFBC81DDCC7840011824B;
			remoteInfo = MapboxNavigation;
		};
		35C3676C1E5CEF7900744D33 /* PBXContainerItemProxy */ = {
			isa = PBXContainerItemProxy;
			containerPortal = 35CEA3391E5CE97C009F2255 /* MapboxNavigation.xcodeproj */;
			proxyType = 1;
			remoteGlobalIDString = 351BEBD61E5BCC28006FE110;
			remoteInfo = MapboxNavigationUI;
		};
		35C367701E5CF06700744D33 /* PBXContainerItemProxy */ = {
			isa = PBXContainerItemProxy;
			containerPortal = 35CEA3391E5CE97C009F2255 /* MapboxNavigation.xcodeproj */;
			proxyType = 1;
			remoteGlobalIDString = C5ADFBC81DDCC7840011824B;
			remoteInfo = MapboxNavigation;
		};
		35C367741E5CF06700744D33 /* PBXContainerItemProxy */ = {
			isa = PBXContainerItemProxy;
			containerPortal = 35CEA3391E5CE97C009F2255 /* MapboxNavigation.xcodeproj */;
			proxyType = 1;
			remoteGlobalIDString = 351BEBD61E5BCC28006FE110;
			remoteInfo = MapboxNavigationUI;
		};
		35CEA33F1E5CE97D009F2255 /* PBXContainerItemProxy */ = {
			isa = PBXContainerItemProxy;
			containerPortal = 35CEA3391E5CE97C009F2255 /* MapboxNavigation.xcodeproj */;
			proxyType = 2;
			remoteGlobalIDString = C5ADFBC91DDCC7840011824B;
			remoteInfo = MapboxNavigation;
		};
		35CEA3411E5CE97D009F2255 /* PBXContainerItemProxy */ = {
			isa = PBXContainerItemProxy;
			containerPortal = 35CEA3391E5CE97C009F2255 /* MapboxNavigation.xcodeproj */;
			proxyType = 2;
			remoteGlobalIDString = C5ADFBD21DDCC7840011824B;
			remoteInfo = MapboxNavigationTests;
		};
		35CEA3431E5CE97D009F2255 /* PBXContainerItemProxy */ = {
			isa = PBXContainerItemProxy;
			containerPortal = 35CEA3391E5CE97C009F2255 /* MapboxNavigation.xcodeproj */;
			proxyType = 2;
			remoteGlobalIDString = 351BEBD71E5BCC28006FE110;
			remoteInfo = MapboxNavigationUI;
		};
		35CEA35D1E5CEC5C009F2255 /* PBXContainerItemProxy */ = {
			isa = PBXContainerItemProxy;
			containerPortal = 35CEA3391E5CE97C009F2255 /* MapboxNavigation.xcodeproj */;
			proxyType = 1;
			remoteGlobalIDString = C5ADFBC81DDCC7840011824B;
			remoteInfo = MapboxNavigation;
		};
		35CEA3621E5CEC62009F2255 /* PBXContainerItemProxy */ = {
			isa = PBXContainerItemProxy;
			containerPortal = 35CEA3391E5CE97C009F2255 /* MapboxNavigation.xcodeproj */;
			proxyType = 1;
			remoteGlobalIDString = 351BEBD61E5BCC28006FE110;
			remoteInfo = MapboxNavigationUI;
		};
/* End PBXContainerItemProxy section */

/* Begin PBXCopyFilesBuildPhase section */
		35C367761E5CF06700744D33 /* Embed Frameworks */ = {
			isa = PBXCopyFilesBuildPhase;
			buildActionMask = 2147483647;
			dstPath = "";
			dstSubfolderSpec = 10;
			files = (
				35C3678A1E5CF11D00744D33 /* SDWebImage.framework in Embed Frameworks */,
				35C367841E5CF0FB00744D33 /* Polyline.framework in Embed Frameworks */,
				35C367811E5CF0E800744D33 /* MapboxGeocoder.framework in Embed Frameworks */,
				35C3676F1E5CF06700744D33 /* MapboxNavigation.framework in Embed Frameworks */,
				35C367871E5CF11300744D33 /* Pulley.framework in Embed Frameworks */,
				35C3677E1E5CF0DB00744D33 /* MapboxDirections.framework in Embed Frameworks */,
				35C367731E5CF06700744D33 /* MapboxNavigationUI.framework in Embed Frameworks */,
				35C3677B1E5CF0BE00744D33 /* Mapbox.framework in Embed Frameworks */,
			);
			name = "Embed Frameworks";
			runOnlyForDeploymentPostprocessing = 0;
		};
		35CEA35F1E5CEC5C009F2255 /* Embed Frameworks */ = {
			isa = PBXCopyFilesBuildPhase;
			buildActionMask = 2147483647;
			dstPath = "";
			dstSubfolderSpec = 10;
			files = (
				35CEA35C1E5CEC5C009F2255 /* MapboxNavigation.framework in Embed Frameworks */,
				35CEA3611E5CEC62009F2255 /* MapboxNavigationUI.framework in Embed Frameworks */,
			);
			name = "Embed Frameworks";
			runOnlyForDeploymentPostprocessing = 0;
		};
/* End PBXCopyFilesBuildPhase section */

/* Begin PBXFileReference section */
		354620B41E3A4FBF00BAD0B3 /* main.m */ = {isa = PBXFileReference; fileEncoding = 4; lastKnownFileType = sourcecode.c.objc; path = main.m; sourceTree = "<group>"; };
		354620BF1E3A543A00BAD0B3 /* Example-Swift Tests.xctest */ = {isa = PBXFileReference; explicitFileType = wrapper.cfbundle; includeInIndex = 0; path = "Example-Swift Tests.xctest"; sourceTree = BUILT_PRODUCTS_DIR; };
		354620C11E3A543A00BAD0B3 /* DummyTest.swift */ = {isa = PBXFileReference; lastKnownFileType = sourcecode.swift; path = DummyTest.swift; sourceTree = "<group>"; };
		354620C31E3A543A00BAD0B3 /* Info.plist */ = {isa = PBXFileReference; lastKnownFileType = text.plist.xml; path = Info.plist; sourceTree = "<group>"; };
		354620CD1E3A545100BAD0B3 /* Example-Objective-C Tests.xctest */ = {isa = PBXFileReference; explicitFileType = wrapper.cfbundle; includeInIndex = 0; path = "Example-Objective-C Tests.xctest"; sourceTree = BUILT_PRODUCTS_DIR; };
		354620CF1E3A545100BAD0B3 /* DummyTest.m */ = {isa = PBXFileReference; lastKnownFileType = sourcecode.c.objc; path = DummyTest.m; sourceTree = "<group>"; };
		354620D11E3A545100BAD0B3 /* Info.plist */ = {isa = PBXFileReference; lastKnownFileType = text.plist.xml; path = Info.plist; sourceTree = "<group>"; };
		35A7DB6E1E39FA1F000BAB5C /* Example-Swift.app */ = {isa = PBXFileReference; explicitFileType = wrapper.application; includeInIndex = 0; path = "Example-Swift.app"; sourceTree = BUILT_PRODUCTS_DIR; };
		35A7DB711E39FA1F000BAB5C /* AppDelegate.swift */ = {isa = PBXFileReference; lastKnownFileType = sourcecode.swift; name = AppDelegate.swift; path = ../Swift/AppDelegate.swift; sourceTree = "<group>"; };
		35A7DB731E39FA1F000BAB5C /* ViewController.swift */ = {isa = PBXFileReference; lastKnownFileType = sourcecode.swift; name = ViewController.swift; path = ../Swift/ViewController.swift; sourceTree = "<group>"; };
		35A7DB761E39FA1F000BAB5C /* Base */ = {isa = PBXFileReference; lastKnownFileType = file.storyboard; name = Base; path = Base.lproj/Main.storyboard; sourceTree = "<group>"; };
		35A7DB781E39FA1F000BAB5C /* Assets.xcassets */ = {isa = PBXFileReference; lastKnownFileType = folder.assetcatalog; name = Assets.xcassets; path = ../Swift/Assets.xcassets; sourceTree = "<group>"; };
		35A7DB7B1E39FA1F000BAB5C /* Base */ = {isa = PBXFileReference; lastKnownFileType = file.storyboard; name = Base; path = Base.lproj/LaunchScreen.storyboard; sourceTree = "<group>"; };
		35A7DB7D1E39FA1F000BAB5C /* Info.plist */ = {isa = PBXFileReference; lastKnownFileType = text.plist.xml; name = Info.plist; path = ../Swift/Info.plist; sourceTree = "<group>"; };
		35A7DBC61E3A0382000BAB5C /* Example-Objective-C.app */ = {isa = PBXFileReference; explicitFileType = wrapper.application; includeInIndex = 0; path = "Example-Objective-C.app"; sourceTree = BUILT_PRODUCTS_DIR; };
		35A7DBCB1E3A0382000BAB5C /* AppDelegate.h */ = {isa = PBXFileReference; lastKnownFileType = sourcecode.c.h; name = AppDelegate.h; path = "../Objective-C/AppDelegate.h"; sourceTree = "<group>"; };
		35A7DBCC1E3A0382000BAB5C /* AppDelegate.m */ = {isa = PBXFileReference; lastKnownFileType = sourcecode.c.objc; name = AppDelegate.m; path = "../Objective-C/AppDelegate.m"; sourceTree = "<group>"; };
		35A7DBCE1E3A0382000BAB5C /* ViewController.h */ = {isa = PBXFileReference; lastKnownFileType = sourcecode.c.h; name = ViewController.h; path = "../Objective-C/ViewController.h"; sourceTree = "<group>"; };
		35A7DBCF1E3A0382000BAB5C /* ViewController.m */ = {isa = PBXFileReference; lastKnownFileType = sourcecode.c.objc; name = ViewController.m; path = "../Objective-C/ViewController.m"; sourceTree = "<group>"; };
		35A7DBD21E3A0382000BAB5C /* Base */ = {isa = PBXFileReference; lastKnownFileType = file.storyboard; name = Base; path = Base.lproj/Main.storyboard; sourceTree = "<group>"; };
		35A7DBD41E3A0382000BAB5C /* Assets.xcassets */ = {isa = PBXFileReference; lastKnownFileType = folder.assetcatalog; name = Assets.xcassets; path = "../Objective-C/Assets.xcassets"; sourceTree = "<group>"; };
		35A7DBD71E3A0382000BAB5C /* Base */ = {isa = PBXFileReference; lastKnownFileType = file.storyboard; name = Base; path = Base.lproj/LaunchScreen.storyboard; sourceTree = "<group>"; };
		35A7DBD91E3A0382000BAB5C /* Info.plist */ = {isa = PBXFileReference; lastKnownFileType = text.plist.xml; name = Info.plist; path = "../Objective-C/Info.plist"; sourceTree = "<group>"; };
		35C367791E5CF0BE00744D33 /* Mapbox.framework */ = {isa = PBXFileReference; lastKnownFileType = wrapper.framework; name = Mapbox.framework; path = ../Carthage/Build/iOS/Mapbox.framework; sourceTree = "<group>"; };
		35C3677C1E5CF0DB00744D33 /* MapboxDirections.framework */ = {isa = PBXFileReference; lastKnownFileType = wrapper.framework; name = MapboxDirections.framework; path = ../Carthage/Build/iOS/MapboxDirections.framework; sourceTree = "<group>"; };
		35C3677F1E5CF0E800744D33 /* MapboxGeocoder.framework */ = {isa = PBXFileReference; lastKnownFileType = wrapper.framework; name = MapboxGeocoder.framework; path = ../Carthage/Build/iOS/MapboxGeocoder.framework; sourceTree = "<group>"; };
		35C367821E5CF0FB00744D33 /* Polyline.framework */ = {isa = PBXFileReference; lastKnownFileType = wrapper.framework; name = Polyline.framework; path = ../Carthage/Build/iOS/Polyline.framework; sourceTree = "<group>"; };
		35C367851E5CF11300744D33 /* Pulley.framework */ = {isa = PBXFileReference; lastKnownFileType = wrapper.framework; name = Pulley.framework; path = ../Carthage/Build/iOS/Pulley.framework; sourceTree = "<group>"; };
		35C367881E5CF11D00744D33 /* SDWebImage.framework */ = {isa = PBXFileReference; lastKnownFileType = wrapper.framework; name = SDWebImage.framework; path = ../Carthage/Build/iOS/SDWebImage.framework; sourceTree = "<group>"; };
		35CEA3391E5CE97C009F2255 /* MapboxNavigation.xcodeproj */ = {isa = PBXFileReference; lastKnownFileType = "wrapper.pb-project"; name = MapboxNavigation.xcodeproj; path = ../MapboxNavigation.xcodeproj; sourceTree = "<group>"; };
/* End PBXFileReference section */

/* Begin PBXFrameworksBuildPhase section */
		354620BC1E3A543A00BAD0B3 /* Frameworks */ = {
			isa = PBXFrameworksBuildPhase;
			buildActionMask = 2147483647;
			files = (
			);
			runOnlyForDeploymentPostprocessing = 0;
		};
		354620CA1E3A545100BAD0B3 /* Frameworks */ = {
			isa = PBXFrameworksBuildPhase;
			buildActionMask = 2147483647;
			files = (
			);
			runOnlyForDeploymentPostprocessing = 0;
		};
		35A7DB6B1E39FA1F000BAB5C /* Frameworks */ = {
			isa = PBXFrameworksBuildPhase;
			buildActionMask = 2147483647;
			files = (
				35C367891E5CF11D00744D33 /* SDWebImage.framework in Frameworks */,
				35C367831E5CF0FB00744D33 /* Polyline.framework in Frameworks */,
				35C367801E5CF0E800744D33 /* MapboxGeocoder.framework in Frameworks */,
				35C3676E1E5CF06700744D33 /* MapboxNavigation.framework in Frameworks */,
				35C367861E5CF11300744D33 /* Pulley.framework in Frameworks */,
				35C3677D1E5CF0DB00744D33 /* MapboxDirections.framework in Frameworks */,
				35C367721E5CF06700744D33 /* MapboxNavigationUI.framework in Frameworks */,
				35C3677A1E5CF0BE00744D33 /* Mapbox.framework in Frameworks */,
			);
			runOnlyForDeploymentPostprocessing = 0;
		};
		35A7DBC31E3A0382000BAB5C /* Frameworks */ = {
			isa = PBXFrameworksBuildPhase;
			buildActionMask = 2147483647;
			files = (
				35CEA35B1E5CEC5C009F2255 /* MapboxNavigation.framework in Frameworks */,
				35CEA3601E5CEC62009F2255 /* MapboxNavigationUI.framework in Frameworks */,
			);
			runOnlyForDeploymentPostprocessing = 0;
		};
/* End PBXFrameworksBuildPhase section */

/* Begin PBXGroup section */
		1BB7ADE271A04651FC64B00D /* Frameworks */ = {
			isa = PBXGroup;
			children = (
			);
			name = Frameworks;
			sourceTree = "<group>";
		};
		354620C01E3A543A00BAD0B3 /* Example-Swift Tests */ = {
			isa = PBXGroup;
			children = (
				354620C11E3A543A00BAD0B3 /* DummyTest.swift */,
				354620C31E3A543A00BAD0B3 /* Info.plist */,
			);
			path = "Example-Swift Tests";
			sourceTree = "<group>";
		};
		354620CE1E3A545100BAD0B3 /* Example-Objective-C Tests */ = {
			isa = PBXGroup;
			children = (
				354620CF1E3A545100BAD0B3 /* DummyTest.m */,
				354620D11E3A545100BAD0B3 /* Info.plist */,
			);
			path = "Example-Objective-C Tests";
			sourceTree = "<group>";
		};
		35A7DB651E39FA1F000BAB5C = {
			isa = PBXGroup;
			children = (
				35C367881E5CF11D00744D33 /* SDWebImage.framework */,
				35C367851E5CF11300744D33 /* Pulley.framework */,
				35C367821E5CF0FB00744D33 /* Polyline.framework */,
				35C3677F1E5CF0E800744D33 /* MapboxGeocoder.framework */,
				35C3677C1E5CF0DB00744D33 /* MapboxDirections.framework */,
				35C367791E5CF0BE00744D33 /* Mapbox.framework */,
				35CEA3391E5CE97C009F2255 /* MapboxNavigation.xcodeproj */,
				35A7DB921E39FA6C000BAB5C /* Objective-C */,
				35A7DB911E39FA59000BAB5C /* Swift */,
				354620C01E3A543A00BAD0B3 /* Example-Swift Tests */,
				354620CE1E3A545100BAD0B3 /* Example-Objective-C Tests */,
				35A7DB6F1E39FA1F000BAB5C /* Products */,
				1BB7ADE271A04651FC64B00D /* Frameworks */,
			);
			sourceTree = "<group>";
		};
		35A7DB6F1E39FA1F000BAB5C /* Products */ = {
			isa = PBXGroup;
			children = (
				35A7DB6E1E39FA1F000BAB5C /* Example-Swift.app */,
				35A7DBC61E3A0382000BAB5C /* Example-Objective-C.app */,
				354620BF1E3A543A00BAD0B3 /* Example-Swift Tests.xctest */,
				354620CD1E3A545100BAD0B3 /* Example-Objective-C Tests.xctest */,
			);
			name = Products;
			sourceTree = "<group>";
		};
		35A7DB911E39FA59000BAB5C /* Swift */ = {
			isa = PBXGroup;
			children = (
				35A7DB711E39FA1F000BAB5C /* AppDelegate.swift */,
				35A7DB731E39FA1F000BAB5C /* ViewController.swift */,
				35A7DB751E39FA1F000BAB5C /* Main.storyboard */,
				35A7DB781E39FA1F000BAB5C /* Assets.xcassets */,
				35A7DB7A1E39FA1F000BAB5C /* LaunchScreen.storyboard */,
				35A7DB7D1E39FA1F000BAB5C /* Info.plist */,
			);
			path = Swift;
			sourceTree = SOURCE_ROOT;
		};
		35A7DB921E39FA6C000BAB5C /* Objective-C */ = {
			isa = PBXGroup;
			children = (
				35A7DBCB1E3A0382000BAB5C /* AppDelegate.h */,
				35A7DBCC1E3A0382000BAB5C /* AppDelegate.m */,
				35A7DBCE1E3A0382000BAB5C /* ViewController.h */,
				35A7DBCF1E3A0382000BAB5C /* ViewController.m */,
				354620B41E3A4FBF00BAD0B3 /* main.m */,
				35A7DBD11E3A0382000BAB5C /* Main.storyboard */,
				35A7DBD41E3A0382000BAB5C /* Assets.xcassets */,
				35A7DBD61E3A0382000BAB5C /* LaunchScreen.storyboard */,
				35A7DBD91E3A0382000BAB5C /* Info.plist */,
			);
			path = "Objective-C";
			sourceTree = SOURCE_ROOT;
		};
		35CEA33A1E5CE97C009F2255 /* Products */ = {
			isa = PBXGroup;
			children = (
				35CEA3401E5CE97D009F2255 /* MapboxNavigation.framework */,
				35CEA3421E5CE97D009F2255 /* MapboxNavigationTests.xctest */,
				35CEA3441E5CE97D009F2255 /* MapboxNavigationUI.framework */,
			);
			name = Products;
			sourceTree = "<group>";
		};
/* End PBXGroup section */

/* Begin PBXNativeTarget section */
		354620BE1E3A543A00BAD0B3 /* Example-Swift Tests */ = {
			isa = PBXNativeTarget;
			buildConfigurationList = 354620C61E3A543A00BAD0B3 /* Build configuration list for PBXNativeTarget "Example-Swift Tests" */;
			buildPhases = (
				354620BB1E3A543A00BAD0B3 /* Sources */,
				354620BC1E3A543A00BAD0B3 /* Frameworks */,
				354620BD1E3A543A00BAD0B3 /* Resources */,
			);
			buildRules = (
			);
			dependencies = (
				354620C51E3A543A00BAD0B3 /* PBXTargetDependency */,
			);
			name = "Example-Swift Tests";
			productName = "Example-Swift Tests";
			productReference = 354620BF1E3A543A00BAD0B3 /* Example-Swift Tests.xctest */;
			productType = "com.apple.product-type.bundle.unit-test";
		};
		354620CC1E3A545100BAD0B3 /* Example-Objective-C Tests */ = {
			isa = PBXNativeTarget;
			buildConfigurationList = 354620D41E3A545100BAD0B3 /* Build configuration list for PBXNativeTarget "Example-Objective-C Tests" */;
			buildPhases = (
				354620C91E3A545100BAD0B3 /* Sources */,
				354620CA1E3A545100BAD0B3 /* Frameworks */,
				354620CB1E3A545100BAD0B3 /* Resources */,
			);
			buildRules = (
			);
			dependencies = (
				354620D31E3A545100BAD0B3 /* PBXTargetDependency */,
			);
			name = "Example-Objective-C Tests";
			productName = "Example-Objective-C Tests";
			productReference = 354620CD1E3A545100BAD0B3 /* Example-Objective-C Tests.xctest */;
			productType = "com.apple.product-type.bundle.unit-test";
		};
		35A7DB6D1E39FA1F000BAB5C /* Example-Swift */ = {
			isa = PBXNativeTarget;
			buildConfigurationList = 35A7DB8B1E39FA1F000BAB5C /* Build configuration list for PBXNativeTarget "Example-Swift" */;
			buildPhases = (
				35A7DB6A1E39FA1F000BAB5C /* Sources */,
				35A7DB6B1E39FA1F000BAB5C /* Frameworks */,
				35A7DB6C1E39FA1F000BAB5C /* Resources */,
				35C367761E5CF06700744D33 /* Embed Frameworks */,
			);
			buildRules = (
			);
			dependencies = (
				35C367691E5CEF7500744D33 /* PBXTargetDependency */,
				35C3676D1E5CEF7900744D33 /* PBXTargetDependency */,
				35C367711E5CF06700744D33 /* PBXTargetDependency */,
				35C367751E5CF06700744D33 /* PBXTargetDependency */,
			);
			name = "Example-Swift";
			productName = Example;
			productReference = 35A7DB6E1E39FA1F000BAB5C /* Example-Swift.app */;
			productType = "com.apple.product-type.application";
		};
		35A7DBC51E3A0382000BAB5C /* Example-Objective-C */ = {
			isa = PBXNativeTarget;
			buildConfigurationList = 35A7DBE91E3A0382000BAB5C /* Build configuration list for PBXNativeTarget "Example-Objective-C" */;
			buildPhases = (
				35A7DBC21E3A0382000BAB5C /* Sources */,
				35A7DBC31E3A0382000BAB5C /* Frameworks */,
				35A7DBC41E3A0382000BAB5C /* Resources */,
				35CEA35F1E5CEC5C009F2255 /* Embed Frameworks */,
			);
			buildRules = (
			);
			dependencies = (
				35CEA35E1E5CEC5C009F2255 /* PBXTargetDependency */,
				35CEA3631E5CEC62009F2255 /* PBXTargetDependency */,
			);
			name = "Example-Objective-C";
			productName = "Example-Objective-C";
			productReference = 35A7DBC61E3A0382000BAB5C /* Example-Objective-C.app */;
			productType = "com.apple.product-type.application";
		};
/* End PBXNativeTarget section */

/* Begin PBXProject section */
		35A7DB661E39FA1F000BAB5C /* Project object */ = {
			isa = PBXProject;
			attributes = {
				LastSwiftUpdateCheck = 0820;
				LastUpgradeCheck = 0820;
				ORGANIZATIONNAME = MBX;
				TargetAttributes = {
					354620BE1E3A543A00BAD0B3 = {
						CreatedOnToolsVersion = 8.2.1;
						DevelopmentTeam = U8B2JGE4C6;
						ProvisioningStyle = Automatic;
						TestTargetID = 35A7DB6D1E39FA1F000BAB5C;
					};
					354620CC1E3A545100BAD0B3 = {
						CreatedOnToolsVersion = 8.2.1;
						DevelopmentTeam = U8B2JGE4C6;
						ProvisioningStyle = Automatic;
						TestTargetID = 35A7DBC51E3A0382000BAB5C;
					};
					35A7DB6D1E39FA1F000BAB5C = {
						CreatedOnToolsVersion = 8.2.1;
						DevelopmentTeam = U8B2JGE4C6;
						ProvisioningStyle = Automatic;
					};
					35A7DBC51E3A0382000BAB5C = {
						CreatedOnToolsVersion = 8.2.1;
						DevelopmentTeam = U8B2JGE4C6;
						ProvisioningStyle = Automatic;
					};
				};
			};
			buildConfigurationList = 35A7DB691E39FA1F000BAB5C /* Build configuration list for PBXProject "Example" */;
			compatibilityVersion = "Xcode 3.2";
			developmentRegion = English;
			hasScannedForEncodings = 0;
			knownRegions = (
				en,
				Base,
			);
			mainGroup = 35A7DB651E39FA1F000BAB5C;
			productRefGroup = 35A7DB6F1E39FA1F000BAB5C /* Products */;
			projectDirPath = "";
			projectReferences = (
				{
					ProductGroup = 35CEA33A1E5CE97C009F2255 /* Products */;
					ProjectRef = 35CEA3391E5CE97C009F2255 /* MapboxNavigation.xcodeproj */;
				},
			);
			projectRoot = "";
			targets = (
				35A7DB6D1E39FA1F000BAB5C /* Example-Swift */,
				35A7DBC51E3A0382000BAB5C /* Example-Objective-C */,
				354620BE1E3A543A00BAD0B3 /* Example-Swift Tests */,
				354620CC1E3A545100BAD0B3 /* Example-Objective-C Tests */,
			);
		};
/* End PBXProject section */

/* Begin PBXReferenceProxy section */
		35CEA3401E5CE97D009F2255 /* MapboxNavigation.framework */ = {
			isa = PBXReferenceProxy;
			fileType = wrapper.framework;
			path = MapboxNavigation.framework;
			remoteRef = 35CEA33F1E5CE97D009F2255 /* PBXContainerItemProxy */;
			sourceTree = BUILT_PRODUCTS_DIR;
		};
		35CEA3421E5CE97D009F2255 /* MapboxNavigationTests.xctest */ = {
			isa = PBXReferenceProxy;
			fileType = wrapper.cfbundle;
			path = MapboxNavigationTests.xctest;
			remoteRef = 35CEA3411E5CE97D009F2255 /* PBXContainerItemProxy */;
			sourceTree = BUILT_PRODUCTS_DIR;
		};
		35CEA3441E5CE97D009F2255 /* MapboxNavigationUI.framework */ = {
			isa = PBXReferenceProxy;
			fileType = wrapper.framework;
			path = MapboxNavigationUI.framework;
			remoteRef = 35CEA3431E5CE97D009F2255 /* PBXContainerItemProxy */;
			sourceTree = BUILT_PRODUCTS_DIR;
		};
/* End PBXReferenceProxy section */

/* Begin PBXResourcesBuildPhase section */
		354620BD1E3A543A00BAD0B3 /* Resources */ = {
			isa = PBXResourcesBuildPhase;
			buildActionMask = 2147483647;
			files = (
			);
			runOnlyForDeploymentPostprocessing = 0;
		};
		354620CB1E3A545100BAD0B3 /* Resources */ = {
			isa = PBXResourcesBuildPhase;
			buildActionMask = 2147483647;
			files = (
			);
			runOnlyForDeploymentPostprocessing = 0;
		};
		35A7DB6C1E39FA1F000BAB5C /* Resources */ = {
			isa = PBXResourcesBuildPhase;
			buildActionMask = 2147483647;
			files = (
				35A7DB7C1E39FA1F000BAB5C /* LaunchScreen.storyboard in Resources */,
				35A7DB791E39FA1F000BAB5C /* Assets.xcassets in Resources */,
				35A7DB771E39FA1F000BAB5C /* Main.storyboard in Resources */,
			);
			runOnlyForDeploymentPostprocessing = 0;
		};
		35A7DBC41E3A0382000BAB5C /* Resources */ = {
			isa = PBXResourcesBuildPhase;
			buildActionMask = 2147483647;
			files = (
				35A7DBD81E3A0382000BAB5C /* LaunchScreen.storyboard in Resources */,
				35A7DBD51E3A0382000BAB5C /* Assets.xcassets in Resources */,
				35A7DBD31E3A0382000BAB5C /* Main.storyboard in Resources */,
			);
			runOnlyForDeploymentPostprocessing = 0;
		};
/* End PBXResourcesBuildPhase section */

/* Begin PBXSourcesBuildPhase section */
		354620BB1E3A543A00BAD0B3 /* Sources */ = {
			isa = PBXSourcesBuildPhase;
			buildActionMask = 2147483647;
			files = (
				354620C21E3A543A00BAD0B3 /* DummyTest.swift in Sources */,
			);
			runOnlyForDeploymentPostprocessing = 0;
		};
		354620C91E3A545100BAD0B3 /* Sources */ = {
			isa = PBXSourcesBuildPhase;
			buildActionMask = 2147483647;
			files = (
				354620D01E3A545100BAD0B3 /* DummyTest.m in Sources */,
			);
			runOnlyForDeploymentPostprocessing = 0;
		};
		35A7DB6A1E39FA1F000BAB5C /* Sources */ = {
			isa = PBXSourcesBuildPhase;
			buildActionMask = 2147483647;
			files = (
				35A7DB741E39FA1F000BAB5C /* ViewController.swift in Sources */,
				35A7DB721E39FA1F000BAB5C /* AppDelegate.swift in Sources */,
			);
			runOnlyForDeploymentPostprocessing = 0;
		};
		35A7DBC21E3A0382000BAB5C /* Sources */ = {
			isa = PBXSourcesBuildPhase;
			buildActionMask = 2147483647;
			files = (
				35A7DBD01E3A0382000BAB5C /* ViewController.m in Sources */,
				354620B51E3A4FBF00BAD0B3 /* main.m in Sources */,
				35A7DBCD1E3A0382000BAB5C /* AppDelegate.m in Sources */,
			);
			runOnlyForDeploymentPostprocessing = 0;
		};
/* End PBXSourcesBuildPhase section */

/* Begin PBXTargetDependency section */
		354620C51E3A543A00BAD0B3 /* PBXTargetDependency */ = {
			isa = PBXTargetDependency;
			target = 35A7DB6D1E39FA1F000BAB5C /* Example-Swift */;
			targetProxy = 354620C41E3A543A00BAD0B3 /* PBXContainerItemProxy */;
		};
		354620D31E3A545100BAD0B3 /* PBXTargetDependency */ = {
			isa = PBXTargetDependency;
			target = 35A7DBC51E3A0382000BAB5C /* Example-Objective-C */;
			targetProxy = 354620D21E3A545100BAD0B3 /* PBXContainerItemProxy */;
		};
		35C367691E5CEF7500744D33 /* PBXTargetDependency */ = {
			isa = PBXTargetDependency;
			name = MapboxNavigation;
			targetProxy = 35C367681E5CEF7500744D33 /* PBXContainerItemProxy */;
		};
		35C3676D1E5CEF7900744D33 /* PBXTargetDependency */ = {
			isa = PBXTargetDependency;
			name = MapboxNavigationUI;
			targetProxy = 35C3676C1E5CEF7900744D33 /* PBXContainerItemProxy */;
		};
		35C367711E5CF06700744D33 /* PBXTargetDependency */ = {
			isa = PBXTargetDependency;
			name = MapboxNavigation;
			targetProxy = 35C367701E5CF06700744D33 /* PBXContainerItemProxy */;
		};
		35C367751E5CF06700744D33 /* PBXTargetDependency */ = {
			isa = PBXTargetDependency;
			name = MapboxNavigationUI;
			targetProxy = 35C367741E5CF06700744D33 /* PBXContainerItemProxy */;
		};
		35CEA35E1E5CEC5C009F2255 /* PBXTargetDependency */ = {
			isa = PBXTargetDependency;
			name = MapboxNavigation;
			targetProxy = 35CEA35D1E5CEC5C009F2255 /* PBXContainerItemProxy */;
		};
		35CEA3631E5CEC62009F2255 /* PBXTargetDependency */ = {
			isa = PBXTargetDependency;
			name = MapboxNavigationUI;
			targetProxy = 35CEA3621E5CEC62009F2255 /* PBXContainerItemProxy */;
		};
/* End PBXTargetDependency section */

/* Begin PBXVariantGroup section */
		35A7DB751E39FA1F000BAB5C /* Main.storyboard */ = {
			isa = PBXVariantGroup;
			children = (
				35A7DB761E39FA1F000BAB5C /* Base */,
			);
			name = Main.storyboard;
			path = ../Swift;
			sourceTree = "<group>";
		};
		35A7DB7A1E39FA1F000BAB5C /* LaunchScreen.storyboard */ = {
			isa = PBXVariantGroup;
			children = (
				35A7DB7B1E39FA1F000BAB5C /* Base */,
			);
			name = LaunchScreen.storyboard;
			path = ../Swift;
			sourceTree = "<group>";
		};
		35A7DBD11E3A0382000BAB5C /* Main.storyboard */ = {
			isa = PBXVariantGroup;
			children = (
				35A7DBD21E3A0382000BAB5C /* Base */,
			);
			name = Main.storyboard;
			path = "../Objective-C";
			sourceTree = "<group>";
		};
		35A7DBD61E3A0382000BAB5C /* LaunchScreen.storyboard */ = {
			isa = PBXVariantGroup;
			children = (
				35A7DBD71E3A0382000BAB5C /* Base */,
			);
			name = LaunchScreen.storyboard;
			path = "../Objective-C";
			sourceTree = "<group>";
		};
/* End PBXVariantGroup section */

/* Begin XCBuildConfiguration section */
		354620C71E3A543A00BAD0B3 /* Debug */ = {
			isa = XCBuildConfiguration;
			buildSettings = {
				BUNDLE_LOADER = "$(TEST_HOST)";
				DEVELOPMENT_TEAM = U8B2JGE4C6;
				INFOPLIST_FILE = "Example-Swift Tests/Info.plist";
				LD_RUNPATH_SEARCH_PATHS = "$(inherited) @executable_path/Frameworks @loader_path/Frameworks";
				PRODUCT_BUNDLE_IDENTIFIER = "com.mapbox.navigation.Example-Swift-Tests";
				PRODUCT_NAME = "$(TARGET_NAME)";
				SWIFT_VERSION = 3.0;
				TEST_HOST = "$(BUILT_PRODUCTS_DIR)/Example-Swift.app/Example-Swift";
			};
			name = Debug;
		};
		354620C81E3A543A00BAD0B3 /* Release */ = {
			isa = XCBuildConfiguration;
			buildSettings = {
				BUNDLE_LOADER = "$(TEST_HOST)";
				DEVELOPMENT_TEAM = U8B2JGE4C6;
				INFOPLIST_FILE = "Example-Swift Tests/Info.plist";
				LD_RUNPATH_SEARCH_PATHS = "$(inherited) @executable_path/Frameworks @loader_path/Frameworks";
				PRODUCT_BUNDLE_IDENTIFIER = "com.mapbox.navigation.Example-Swift-Tests";
				PRODUCT_NAME = "$(TARGET_NAME)";
				SWIFT_VERSION = 3.0;
				TEST_HOST = "$(BUILT_PRODUCTS_DIR)/Example-Swift.app/Example-Swift";
			};
			name = Release;
		};
		354620D51E3A545100BAD0B3 /* Debug */ = {
			isa = XCBuildConfiguration;
			buildSettings = {
				BUNDLE_LOADER = "$(TEST_HOST)";
				DEVELOPMENT_TEAM = U8B2JGE4C6;
				INFOPLIST_FILE = "Example-Objective-C Tests/Info.plist";
				LD_RUNPATH_SEARCH_PATHS = "$(inherited) @executable_path/Frameworks @loader_path/Frameworks";
				PRODUCT_BUNDLE_IDENTIFIER = "com.mapbox.navigation.Example-Objective-C-Tests";
				PRODUCT_NAME = "$(TARGET_NAME)";
				TEST_HOST = "$(BUILT_PRODUCTS_DIR)/Example-Objective-C.app/Example-Objective-C";
			};
			name = Debug;
		};
		354620D61E3A545100BAD0B3 /* Release */ = {
			isa = XCBuildConfiguration;
			buildSettings = {
				BUNDLE_LOADER = "$(TEST_HOST)";
				DEVELOPMENT_TEAM = U8B2JGE4C6;
				INFOPLIST_FILE = "Example-Objective-C Tests/Info.plist";
				LD_RUNPATH_SEARCH_PATHS = "$(inherited) @executable_path/Frameworks @loader_path/Frameworks";
				PRODUCT_BUNDLE_IDENTIFIER = "com.mapbox.navigation.Example-Objective-C-Tests";
				PRODUCT_NAME = "$(TARGET_NAME)";
				TEST_HOST = "$(BUILT_PRODUCTS_DIR)/Example-Objective-C.app/Example-Objective-C";
			};
			name = Release;
		};
		35A7DB891E39FA1F000BAB5C /* Debug */ = {
			isa = XCBuildConfiguration;
			buildSettings = {
				ALWAYS_SEARCH_USER_PATHS = NO;
				CLANG_ANALYZER_NONNULL = YES;
				CLANG_CXX_LANGUAGE_STANDARD = "gnu++0x";
				CLANG_CXX_LIBRARY = "libc++";
				CLANG_ENABLE_MODULES = YES;
				CLANG_ENABLE_OBJC_ARC = YES;
				CLANG_WARN_BOOL_CONVERSION = YES;
				CLANG_WARN_CONSTANT_CONVERSION = YES;
				CLANG_WARN_DIRECT_OBJC_ISA_USAGE = YES_ERROR;
				CLANG_WARN_DOCUMENTATION_COMMENTS = YES;
				CLANG_WARN_EMPTY_BODY = YES;
				CLANG_WARN_ENUM_CONVERSION = YES;
				CLANG_WARN_INFINITE_RECURSION = YES;
				CLANG_WARN_INT_CONVERSION = YES;
				CLANG_WARN_OBJC_ROOT_CLASS = YES_ERROR;
				CLANG_WARN_SUSPICIOUS_MOVE = YES;
				CLANG_WARN_UNREACHABLE_CODE = YES;
				CLANG_WARN__DUPLICATE_METHOD_MATCH = YES;
				"CODE_SIGN_IDENTITY[sdk=iphoneos*]" = "iPhone Developer";
				COPY_PHASE_STRIP = NO;
				DEBUG_INFORMATION_FORMAT = dwarf;
				ENABLE_STRICT_OBJC_MSGSEND = YES;
				ENABLE_TESTABILITY = YES;
				GCC_C_LANGUAGE_STANDARD = gnu99;
				GCC_DYNAMIC_NO_PIC = NO;
				GCC_NO_COMMON_BLOCKS = YES;
				GCC_OPTIMIZATION_LEVEL = 0;
				GCC_PREPROCESSOR_DEFINITIONS = (
					"DEBUG=1",
					"$(inherited)",
				);
				GCC_WARN_64_TO_32_BIT_CONVERSION = YES;
				GCC_WARN_ABOUT_RETURN_TYPE = YES_ERROR;
				GCC_WARN_UNDECLARED_SELECTOR = YES;
				GCC_WARN_UNINITIALIZED_AUTOS = YES_AGGRESSIVE;
				GCC_WARN_UNUSED_FUNCTION = YES;
				GCC_WARN_UNUSED_VARIABLE = YES;
				IPHONEOS_DEPLOYMENT_TARGET = 10.2;
				MTL_ENABLE_DEBUG_INFO = YES;
				ONLY_ACTIVE_ARCH = YES;
				SDKROOT = iphoneos;
				SWIFT_ACTIVE_COMPILATION_CONDITIONS = DEBUG;
				SWIFT_OPTIMIZATION_LEVEL = "-Onone";
				TARGETED_DEVICE_FAMILY = "1,2";
			};
			name = Debug;
		};
		35A7DB8A1E39FA1F000BAB5C /* Release */ = {
			isa = XCBuildConfiguration;
			buildSettings = {
				ALWAYS_SEARCH_USER_PATHS = NO;
				CLANG_ANALYZER_NONNULL = YES;
				CLANG_CXX_LANGUAGE_STANDARD = "gnu++0x";
				CLANG_CXX_LIBRARY = "libc++";
				CLANG_ENABLE_MODULES = YES;
				CLANG_ENABLE_OBJC_ARC = YES;
				CLANG_WARN_BOOL_CONVERSION = YES;
				CLANG_WARN_CONSTANT_CONVERSION = YES;
				CLANG_WARN_DIRECT_OBJC_ISA_USAGE = YES_ERROR;
				CLANG_WARN_DOCUMENTATION_COMMENTS = YES;
				CLANG_WARN_EMPTY_BODY = YES;
				CLANG_WARN_ENUM_CONVERSION = YES;
				CLANG_WARN_INFINITE_RECURSION = YES;
				CLANG_WARN_INT_CONVERSION = YES;
				CLANG_WARN_OBJC_ROOT_CLASS = YES_ERROR;
				CLANG_WARN_SUSPICIOUS_MOVE = YES;
				CLANG_WARN_UNREACHABLE_CODE = YES;
				CLANG_WARN__DUPLICATE_METHOD_MATCH = YES;
				"CODE_SIGN_IDENTITY[sdk=iphoneos*]" = "iPhone Developer";
				COPY_PHASE_STRIP = NO;
				DEBUG_INFORMATION_FORMAT = "dwarf-with-dsym";
				ENABLE_NS_ASSERTIONS = NO;
				ENABLE_STRICT_OBJC_MSGSEND = YES;
				GCC_C_LANGUAGE_STANDARD = gnu99;
				GCC_NO_COMMON_BLOCKS = YES;
				GCC_WARN_64_TO_32_BIT_CONVERSION = YES;
				GCC_WARN_ABOUT_RETURN_TYPE = YES_ERROR;
				GCC_WARN_UNDECLARED_SELECTOR = YES;
				GCC_WARN_UNINITIALIZED_AUTOS = YES_AGGRESSIVE;
				GCC_WARN_UNUSED_FUNCTION = YES;
				GCC_WARN_UNUSED_VARIABLE = YES;
				IPHONEOS_DEPLOYMENT_TARGET = 10.2;
				MTL_ENABLE_DEBUG_INFO = NO;
				SDKROOT = iphoneos;
				SWIFT_OPTIMIZATION_LEVEL = "-Owholemodule";
				TARGETED_DEVICE_FAMILY = "1,2";
				VALIDATE_PRODUCT = YES;
			};
			name = Release;
		};
		35A7DB8C1E39FA1F000BAB5C /* Debug */ = {
			isa = XCBuildConfiguration;
			buildSettings = {
				ALWAYS_EMBED_SWIFT_STANDARD_LIBRARIES = YES;
				ASSETCATALOG_COMPILER_APPICON_NAME = AppIcon;
				DEVELOPMENT_TEAM = U8B2JGE4C6;
				FRAMEWORK_SEARCH_PATHS = ../Carthage/Build/iOS;
				INFOPLIST_FILE = "$(SRCROOT)/Swift/Info.plist";
				LD_RUNPATH_SEARCH_PATHS = "$(inherited) @executable_path/Frameworks";
				PRODUCT_BUNDLE_IDENTIFIER = "com.mapbox.navigation.Example-Swift";
				PRODUCT_NAME = "$(TARGET_NAME)";
				SWIFT_VERSION = 3.0;
			};
			name = Debug;
		};
		35A7DB8D1E39FA1F000BAB5C /* Release */ = {
			isa = XCBuildConfiguration;
			buildSettings = {
				ALWAYS_EMBED_SWIFT_STANDARD_LIBRARIES = YES;
				ASSETCATALOG_COMPILER_APPICON_NAME = AppIcon;
				DEVELOPMENT_TEAM = U8B2JGE4C6;
				FRAMEWORK_SEARCH_PATHS = ../Carthage/Build/iOS;
				INFOPLIST_FILE = "$(SRCROOT)/Swift/Info.plist";
				LD_RUNPATH_SEARCH_PATHS = "$(inherited) @executable_path/Frameworks";
				PRODUCT_BUNDLE_IDENTIFIER = "com.mapbox.navigation.Example-Swift";
				PRODUCT_NAME = "$(TARGET_NAME)";
				SWIFT_VERSION = 3.0;
			};
			name = Release;
		};
		35A7DBE51E3A0382000BAB5C /* Debug */ = {
			isa = XCBuildConfiguration;
			buildSettings = {
				ALWAYS_EMBED_SWIFT_STANDARD_LIBRARIES = YES;
				ASSETCATALOG_COMPILER_APPICON_NAME = AppIcon;
				DEVELOPMENT_TEAM = U8B2JGE4C6;
				INFOPLIST_FILE = "$(SRCROOT)/Objective-C/Info.plist";
				LD_RUNPATH_SEARCH_PATHS = "$(inherited) @executable_path/Frameworks";
				PRODUCT_BUNDLE_IDENTIFIER = "com.mapbox.navigation.Example-Objective-C";
				PRODUCT_NAME = "$(TARGET_NAME)";
			};
			name = Debug;
		};
		35A7DBE61E3A0382000BAB5C /* Release */ = {
			isa = XCBuildConfiguration;
			buildSettings = {
				ALWAYS_EMBED_SWIFT_STANDARD_LIBRARIES = YES;
				ASSETCATALOG_COMPILER_APPICON_NAME = AppIcon;
				DEVELOPMENT_TEAM = U8B2JGE4C6;
				INFOPLIST_FILE = "$(SRCROOT)/Objective-C/Info.plist";
				LD_RUNPATH_SEARCH_PATHS = "$(inherited) @executable_path/Frameworks";
				PRODUCT_BUNDLE_IDENTIFIER = "com.mapbox.navigation.Example-Objective-C";
				PRODUCT_NAME = "$(TARGET_NAME)";
			};
			name = Release;
		};
/* End XCBuildConfiguration section */

/* Begin XCConfigurationList section */
		354620C61E3A543A00BAD0B3 /* Build configuration list for PBXNativeTarget "Example-Swift Tests" */ = {
			isa = XCConfigurationList;
			buildConfigurations = (
				354620C71E3A543A00BAD0B3 /* Debug */,
				354620C81E3A543A00BAD0B3 /* Release */,
			);
			defaultConfigurationIsVisible = 0;
			defaultConfigurationName = Release;
		};
		354620D41E3A545100BAD0B3 /* Build configuration list for PBXNativeTarget "Example-Objective-C Tests" */ = {
			isa = XCConfigurationList;
			buildConfigurations = (
				354620D51E3A545100BAD0B3 /* Debug */,
				354620D61E3A545100BAD0B3 /* Release */,
			);
			defaultConfigurationIsVisible = 0;
			defaultConfigurationName = Release;
		};
		35A7DB691E39FA1F000BAB5C /* Build configuration list for PBXProject "Example" */ = {
			isa = XCConfigurationList;
			buildConfigurations = (
				35A7DB891E39FA1F000BAB5C /* Debug */,
				35A7DB8A1E39FA1F000BAB5C /* Release */,
			);
			defaultConfigurationIsVisible = 0;
			defaultConfigurationName = Release;
		};
		35A7DB8B1E39FA1F000BAB5C /* Build configuration list for PBXNativeTarget "Example-Swift" */ = {
			isa = XCConfigurationList;
			buildConfigurations = (
				35A7DB8C1E39FA1F000BAB5C /* Debug */,
				35A7DB8D1E39FA1F000BAB5C /* Release */,
			);
			defaultConfigurationIsVisible = 0;
			defaultConfigurationName = Release;
		};
		35A7DBE91E3A0382000BAB5C /* Build configuration list for PBXNativeTarget "Example-Objective-C" */ = {
			isa = XCConfigurationList;
			buildConfigurations = (
				35A7DBE51E3A0382000BAB5C /* Debug */,
				35A7DBE61E3A0382000BAB5C /* Release */,
			);
			defaultConfigurationIsVisible = 0;
			defaultConfigurationName = Release;
		};
/* End XCConfigurationList section */
	};
	rootObject = 35A7DB661E39FA1F000BAB5C /* Project object */;
}
