{
  "object": {
    "pins": [
      {
        "package": "CwlCatchException",
        "repositoryURL": "https://github.com/mattgallagher/CwlCatchException.git",
        "state": {
          "branch": null,
          "revision": "682841464136f8c66e04afe5dbd01ab51a3a56f2",
          "version": "2.1.0"
        }
      },
      {
        "package": "CwlPreconditionTesting",
        "repositoryURL": "https://github.com/mattgallagher/CwlPreconditionTesting.git",
        "state": {
          "branch": null,
          "revision": "0630439888c94657a235ffcd5977d6047ef3c87b",
          "version": "2.0.1"
        }
      },
      {
        "package": "MapboxCommon",
        "repositoryURL": "https://github.com/mapbox/mapbox-common-ios.git",
        "state": {
          "branch": null,
          "revision": "82eaeed75ac3cb7a8f386009a4fca7f1fb3f8697",
          "version": "17.1.0"
        }
      },
      {
        "package": "MapboxCoreMaps",
        "repositoryURL": "https://github.com/mapbox/mapbox-core-maps-ios.git",
        "state": {
          "branch": null,
          "revision": "f619bd71a80be83c8bae6ed28f9c1b218bdde555",
          "version": "10.0.0-rc.7.2"
        }
      },
      {
        "package": "MapboxDirections",
        "repositoryURL": "https://github.com/mapbox/mapbox-directions-swift.git",
        "state": {
          "branch": null,
          "revision": "2c0ddf39672ff86eccc579b1c7313832f2eecbe9",
          "version": "2.0.0-beta.8"
        }
      },
      {
        "package": "MapboxMobileEvents",
        "repositoryURL": "https://github.com/mapbox/mapbox-events-ios.git",
        "state": {
          "branch": null,
          "revision": "8e0c725271dee0a0c957b9b9738aef81b601f12b",
          "version": "1.0.2"
        }
      },
      {
        "package": "MapboxMaps",
        "repositoryURL": "https://github.com/mapbox/mapbox-maps-ios.git",
        "state": {
          "branch": null,
          "revision": "5b8b0246f283e87fb98193e67f7bf8eb0a490e1f",
          "version": "10.0.0-rc.7"
        }
      },
      {
        "package": "MapboxNavigationNative",
        "repositoryURL": "https://github.com/mapbox/mapbox-navigation-native-ios.git",
        "state": {
          "branch": null,
          "revision": "a933a8fc4d7e0aa1480e5175abfb2b0f62185b31",
          "version": "64.0.0"
        }
      },
      {
        "package": "MapboxSpeech",
        "repositoryURL": "https://github.com/mapbox/mapbox-speech-swift.git",
        "state": {
          "branch": null,
          "revision": "4501b0cbf709ae9fdabb82a2942cd3d54295b411",
          "version": "2.0.0-alpha.1"
        }
      },
      {
        "package": "MapboxGeocoder",
        "repositoryURL": "https://github.com/mapbox/MapboxGeocoder.swift.git",
        "state": {
          "branch": null,
          "revision": "91fb908bb57c0fcddc0062b5d64ea2002e0ea789",
          "version": "0.14.0"
        }
      },
      {
        "package": "Nimble",
        "repositoryURL": "https://github.com/Quick/Nimble.git",
        "state": {
          "branch": null,
          "revision": "af1730dde4e6c0d45bf01b99f8a41713ce536790",
          "version": "9.2.0"
        }
      },
      {
        "package": "OHHTTPStubs",
        "repositoryURL": "https://github.com/AliSoftware/OHHTTPStubs.git",
        "state": {
          "branch": null,
          "revision": "12f19662426d0434d6c330c6974d53e2eb10ecd9",
          "version": "9.1.0"
        }
      },
      {
        "package": "Polyline",
        "repositoryURL": "https://github.com/raphaelmor/Polyline.git",
        "state": {
          "branch": null,
          "revision": "36f7b1222aaf8fa741d0d179c12e186998d97f42",
          "version": "5.0.2"
        }
      },
      {
        "package": "Quick",
        "repositoryURL": "https://github.com/Quick/Quick.git",
        "state": {
          "branch": null,
          "revision": "8cce6acd38f965f5baa3167b939f86500314022b",
          "version": "3.1.2"
        }
      },
      {
        "package": "Solar",
        "repositoryURL": "https://github.com/ceeK/Solar.git",
        "state": {
          "branch": null,
          "revision": "c2b96f2d5fb7f835b91cefac5e83101f54643901",
          "version": "3.0.1"
        }
      },
      {
        "package": "SnapshotTesting",
        "repositoryURL": "https://github.com/pointfreeco/swift-snapshot-testing.git",
        "state": {
          "branch": null,
          "revision": "f8a9c997c3c1dab4e216a8ec9014e23144cbab37",
          "version": "1.9.0"
        }
      },
      {
        "package": "SwiftCLI",
        "repositoryURL": "https://github.com/jakeheis/SwiftCLI",
        "state": {
          "branch": null,
          "revision": "2816678bcc37f4833d32abeddbdf5e757fa891d8",
          "version": "6.0.2"
        }
      },
      {
        "package": "Turf",
        "repositoryURL": "https://github.com/mapbox/turf-swift.git",
        "state": {
          "branch": null,
          "revision": "555458bd67acce7322c513ddd3647c9a904f4197",
          "version": "2.0.0-rc.1"
        }
      }
    ]
  },
  "version": 1
}
