{
  "object": {
    "pins": [
      {
        "package": "CwlCatchException",
        "repositoryURL": "https://github.com/mattgallagher/CwlCatchException.git",
        "state": {
          "branch": null,
          "revision": "07b2ba21d361c223e25e3c1e924288742923f08c",
          "version": "2.2.1"
        }
      },
      {
        "package": "CwlPreconditionTesting",
        "repositoryURL": "https://github.com/mattgallagher/CwlPreconditionTesting.git",
        "state": {
          "branch": null,
          "revision": "0139c665ebb45e6a9fbdb68aabfd7c39f3fe0071",
          "version": "2.2.2"
        }
      },
      {
        "package": "MapboxCommon",
        "repositoryURL": "https://github.com/mapbox/mapbox-common-ios.git",
        "state": {
          "branch": null,
          "revision": "fb04cb619192455fbcb46efdb8c19d6f9e1433a9",
          "version": "23.11.4"
        }
      },
      {
        "package": "MapboxCoreMaps",
        "repositoryURL": "https://github.com/mapbox/mapbox-core-maps-ios.git",
        "state": {
          "branch": null,
          "revision": "95bb164a4ca016cb6fce3cdfb13c4902bf8b8c18",
          "version": "10.19.2"
        }
      },
      {
        "package": "MapboxDirections",
        "repositoryURL": "https://github.com/mapbox/mapbox-directions-swift.git",
        "state": {
          "branch": null,
          "revision": "4b5e49ac3e980f36f5d64c8a4cba752b397a0281",
          "version": "2.14.3"
        }
      },
      {
        "package": "MapboxMaps",
        "repositoryURL": "https://github.com/mapbox/mapbox-maps-ios.git",
        "state": {
          "branch": null,
          "revision": "27d8d1c68455ef5f271ab07ce8da7a0b410b6688",
          "version": "10.19.4"
        }
      },
      {
        "package": "MapboxNavigationNative",
        "repositoryURL": "https://github.com/mapbox/mapbox-navigation-native-ios.git",
        "state": {
          "branch": null,
          "revision": "fe9802ec38ada8da6fdc65a703b208677907e9f2",
          "version": "206.2.2"
        }
      },
      {
        "package": "MapboxSpeech",
        "repositoryURL": "https://github.com/mapbox/mapbox-speech-swift.git",
        "state": {
          "branch": null,
          "revision": "a9ef284deae227c6111c27a3535098c1e9a9d8e3",
          "version": "2.1.1"
        }
      },
      {
        "package": "MapboxGeocoder",
        "repositoryURL": "https://github.com/mapbox/MapboxGeocoder.swift.git",
        "state": {
          "branch": null,
          "revision": "10c497840c9e1142194563f402ddc903310a935d",
          "version": "0.15.0"
        }
      },
      {
        "package": "OHHTTPStubs",
        "repositoryURL": "https://github.com/AliSoftware/OHHTTPStubs.git",
        "state": {
          "branch": null,
          "revision": "12f19662426d0434d6c330c6974d53e2eb10ecd9",
          "version": "9.1.0"
        }
      },
      {
        "package": "Polyline",
        "repositoryURL": "https://github.com/raphaelmor/Polyline.git",
        "state": {
          "branch": null,
          "revision": "353f80378dcd8f17eefe8550090c6b1ae3c9da23",
          "version": "5.1.0"
        }
      },
      {
        "package": "Solar",
        "repositoryURL": "https://github.com/ceeK/Solar.git",
        "state": {
          "branch": null,
          "revision": "c2b96f2d5fb7f835b91cefac5e83101f54643901",
          "version": "3.0.1"
        }
      },
      {
        "package": "swift-argument-parser",
        "repositoryURL": "https://github.com/apple/swift-argument-parser",
        "state": {
          "branch": null,
          "revision": "41982a3656a71c768319979febd796c6fd111d5c",
          "version": "1.5.0"
        }
      },
      {
        "package": "SnapshotTesting",
        "repositoryURL": "https://github.com/pointfreeco/swift-snapshot-testing.git",
        "state": {
          "branch": null,
          "revision": "f8a9c997c3c1dab4e216a8ec9014e23144cbab37",
          "version": "1.9.0"
        }
      },
      {
        "package": "Turf",
        "repositoryURL": "https://github.com/mapbox/turf-swift.git",
        "state": {
          "branch": null,
          "revision": "213050191cfcb3d5aa76e1fa90c6ff1e182a42ca",
          "version": "2.8.0"
        }
      }
    ]
  },
  "version": 1
}
