PODS:
  - Mapbox-iOS-SDK (4.7.1)
  - MapboxCoreNavigation (0.28.0):
    - MapboxDirections.swift (~> 0.26.0)
    - MapboxMobileEvents (~> 0.6.0)
    - MapboxNavigationNative (~> 5.0.0)
    - Turf (~> 0.3.0)
  - MapboxDirections.swift (0.26.1):
    - Polyline (~> 4.2)
  - MapboxMobileEvents (0.6.0)
  - MapboxNavigation (0.28.0):
    - Mapbox-iOS-SDK (~> 4.3)
    - MapboxCoreNavigation (= 0.28.0)
    - MapboxSpeech (~> 0.1.0)
    - Solar (~> 2.1)
  - MapboxNavigationNative (5.0.0)
  - MapboxSpeech (0.1.0)
  - Polyline (4.2.0)
  - Solar (2.1.0)
  - Turf (0.3.0)

DEPENDENCIES:
  - MapboxCoreNavigation (from `../../../`)
  - MapboxNavigation (from `../../../`)

SPEC REPOS:
  https://github.com/cocoapods/specs.git:
    - Mapbox-iOS-SDK
    - MapboxDirections.swift
    - MapboxMobileEvents
    - MapboxNavigationNative
    - MapboxSpeech
    - Polyline
    - Solar
    - Turf

EXTERNAL SOURCES:
  MapboxCoreNavigation:
    :path: "../../../"
  MapboxNavigation:
    :path: "../../../"

SPEC CHECKSUMS:
  Mapbox-iOS-SDK: f9292a75e8cd5eb828f4432623bfc48aac42146a
  MapboxCoreNavigation: d1e430193a9e0e6dafbf05261037f6d31f94c4ce
  MapboxDirections.swift: 514610ac52a9cd080062085f35b8a9fdb27a83cb
  MapboxMobileEvents: 0218869f556a7fdac9f869e2f9c10e8c6dd7eed5
  MapboxNavigation: 548acd4bf7acfada61a071b37f8be82d08a7e14c
  MapboxNavigationNative: bb220f45f93123adae2c05dfb74080773af128f3
  MapboxSpeech: d7569ee91dd8bdca3ef8d19b6828e8754c1073ec
  Polyline: 3d69f75bb136357e27291d439d0436c6ebda57a4
  Solar: 2dc6e7cc39186cb0c8228fa08df76fb50c7d8f24
  Turf: c6bdf62d6a70c647874f295dd1cf4eefc0c3e9e6

PODFILE CHECKSUM: 55ae5a7edbc3dedda5149ba3d58b992ab7327f95

COCOAPODS: 1.5.3
