// !$*UTF8*$!
{
	archiveVersion = 1;
	classes = {
	};
	objectVersion = 60;
	objects = {

/* Begin PBXBuildFile section */
		0B1804692BBADDE600DD6D51 /* History-Recording.swift in Sources */ = {isa = PBXBuildFile; fileRef = 0B1804682BBADDE600DD6D51 /* History-Recording.swift */; };
		0B8442D72BBD526E00981D0F /* Offline-Regions.swift in Sources */ = {isa = PBXBuildFile; fileRef = 0B8442D62BBD526E00981D0F /* Offline-Regions.swift */; };
		0B8442D92BBD8F2500981D0F /* Styled-UI-Elements.swift in Sources */ = {isa = PBXBuildFile; fileRef = 0B8442D82BBD8F2500981D0F /* Styled-UI-Elements.swift */; };
		0B8442DD2BBE9D9E00981D0F /* Embedded-Navigation.swift in Sources */ = {isa = PBXBuildFile; fileRef = 0B8442DC2BBE9D9E00981D0F /* Embedded-Navigation.swift */; };
		0B8442DF2BBE9FAD00981D0F /* EmbeddedExamples.storyboard in Resources */ = {isa = PBXBuildFile; fileRef = 0B8442DE2BBE9FAD00981D0F /* EmbeddedExamples.storyboard */; };
		0B8442E12BBED09400981D0F /* Custom-Voice-Controller.swift in Sources */ = {isa = PBXBuildFile; fileRef = 0B8442E02BBED09400981D0F /* Custom-Voice-Controller.swift */; };
		0B97A52D2BBBF4230071D38F /* Beta-Query-Parameters.swift in Sources */ = {isa = PBXBuildFile; fileRef = 0B97A52C2BBBF4230071D38F /* Beta-Query-Parameters.swift */; };
		0B97A5342BBC3B480071D38F /* CustomBottomBannerView.xib in Resources */ = {isa = PBXBuildFile; fileRef = 0B97A5312BBC3B480071D38F /* CustomBottomBannerView.xib */; };
		0B97A5352BBC3B480071D38F /* CustomBarsViewController.swift in Sources */ = {isa = PBXBuildFile; fileRef = 0B97A5322BBC3B480071D38F /* CustomBarsViewController.swift */; };
		0B97A5362BBC3B480071D38F /* CustomBottomBannerView.swift in Sources */ = {isa = PBXBuildFile; fileRef = 0B97A5332BBC3B480071D38F /* CustomBottomBannerView.swift */; };
		0BDAC8F72BB4500100ADD27C /* AppDelegate.swift in Sources */ = {isa = PBXBuildFile; fileRef = 0BDAC8F62BB4500100ADD27C /* AppDelegate.swift */; };
		0BDAC8F92BB4500100ADD27C /* SceneDelegate.swift in Sources */ = {isa = PBXBuildFile; fileRef = 0BDAC8F82BB4500100ADD27C /* SceneDelegate.swift */; };
		0BDAC8FB2BB4500100ADD27C /* ExampleTableViewController.swift in Sources */ = {isa = PBXBuildFile; fileRef = 0BDAC8FA2BB4500100ADD27C /* ExampleTableViewController.swift */; };
		0BDAC8FE2BB4500100ADD27C /* Main.storyboard in Resources */ = {isa = PBXBuildFile; fileRef = 0BDAC8FC2BB4500100ADD27C /* Main.storyboard */; };
		0BDAC9002BB4500200ADD27C /* Assets.xcassets in Resources */ = {isa = PBXBuildFile; fileRef = 0BDAC8FF2BB4500200ADD27C /* Assets.xcassets */; };
		0BDAC9032BB4500200ADD27C /* LaunchScreen.storyboard in Resources */ = {isa = PBXBuildFile; fileRef = 0BDAC9012BB4500200ADD27C /* LaunchScreen.storyboard */; };
		0BDAC90B2BB4506700ADD27C /* Constants.swift in Sources */ = {isa = PBXBuildFile; fileRef = 0BDAC90A2BB4506700ADD27C /* Constants.swift */; };
		0BDAC90D2BB450D700ADD27C /* ExampleContainerViewController.swift in Sources */ = {isa = PBXBuildFile; fileRef = 0BDAC90C2BB450D700ADD27C /* ExampleContainerViewController.swift */; };
		0BDAC9132BB4518900ADD27C /* Basic.swift in Sources */ = {isa = PBXBuildFile; fileRef = 0BDAC9122BB4518900ADD27C /* Basic.swift */; };
		0BDAC9162BB7067100ADD27C /* Advanced.swift in Sources */ = {isa = PBXBuildFile; fileRef = 0BDAC9152BB7067100ADD27C /* Advanced.swift */; };
/* End PBXBuildFile section */

/* Begin PBXFileReference section */
		0B1804682BBADDE600DD6D51 /* History-Recording.swift */ = {isa = PBXFileReference; lastKnownFileType = sourcecode.swift; path = "History-Recording.swift"; sourceTree = "<group>"; };
		0B8442D62BBD526E00981D0F /* Offline-Regions.swift */ = {isa = PBXFileReference; lastKnownFileType = sourcecode.swift; path = "Offline-Regions.swift"; sourceTree = "<group>"; };
		0B8442D82BBD8F2500981D0F /* Styled-UI-Elements.swift */ = {isa = PBXFileReference; lastKnownFileType = sourcecode.swift; path = "Styled-UI-Elements.swift"; sourceTree = "<group>"; };
		0B8442DC2BBE9D9E00981D0F /* Embedded-Navigation.swift */ = {isa = PBXFileReference; lastKnownFileType = sourcecode.swift; path = "Embedded-Navigation.swift"; sourceTree = "<group>"; };
		0B8442DE2BBE9FAD00981D0F /* EmbeddedExamples.storyboard */ = {isa = PBXFileReference; fileEncoding = 4; lastKnownFileType = file.storyboard; path = EmbeddedExamples.storyboard; sourceTree = "<group>"; };
		0B8442E02BBED09400981D0F /* Custom-Voice-Controller.swift */ = {isa = PBXFileReference; lastKnownFileType = sourcecode.swift; path = "Custom-Voice-Controller.swift"; sourceTree = "<group>"; };
		0B97A52C2BBBF4230071D38F /* Beta-Query-Parameters.swift */ = {isa = PBXFileReference; lastKnownFileType = sourcecode.swift; path = "Beta-Query-Parameters.swift"; sourceTree = "<group>"; };
		0B97A5312BBC3B480071D38F /* CustomBottomBannerView.xib */ = {isa = PBXFileReference; fileEncoding = 4; lastKnownFileType = file.xib; path = CustomBottomBannerView.xib; sourceTree = "<group>"; };
		0B97A5322BBC3B480071D38F /* CustomBarsViewController.swift */ = {isa = PBXFileReference; fileEncoding = 4; lastKnownFileType = sourcecode.swift; path = CustomBarsViewController.swift; sourceTree = "<group>"; };
		0B97A5332BBC3B480071D38F /* CustomBottomBannerView.swift */ = {isa = PBXFileReference; fileEncoding = 4; lastKnownFileType = sourcecode.swift; path = CustomBottomBannerView.swift; sourceTree = "<group>"; };
		0BDAC8F32BB4500100ADD27C /* Navigation-Examples.app */ = {isa = PBXFileReference; explicitFileType = wrapper.application; includeInIndex = 0; path = "Navigation-Examples.app"; sourceTree = BUILT_PRODUCTS_DIR; };
		0BDAC8F62BB4500100ADD27C /* AppDelegate.swift */ = {isa = PBXFileReference; lastKnownFileType = sourcecode.swift; path = AppDelegate.swift; sourceTree = "<group>"; };
		0BDAC8F82BB4500100ADD27C /* SceneDelegate.swift */ = {isa = PBXFileReference; lastKnownFileType = sourcecode.swift; path = SceneDelegate.swift; sourceTree = "<group>"; };
		0BDAC8FA2BB4500100ADD27C /* ExampleTableViewController.swift */ = {isa = PBXFileReference; lastKnownFileType = sourcecode.swift; path = ExampleTableViewController.swift; sourceTree = "<group>"; };
		0BDAC8FD2BB4500100ADD27C /* Base */ = {isa = PBXFileReference; lastKnownFileType = file.storyboard; name = Base; path = Base.lproj/Main.storyboard; sourceTree = "<group>"; };
		0BDAC8FF2BB4500200ADD27C /* Assets.xcassets */ = {isa = PBXFileReference; lastKnownFileType = folder.assetcatalog; path = Assets.xcassets; sourceTree = "<group>"; };
		0BDAC9022BB4500200ADD27C /* Base */ = {isa = PBXFileReference; lastKnownFileType = file.storyboard; name = Base; path = Base.lproj/LaunchScreen.storyboard; sourceTree = "<group>"; };
		0BDAC9042BB4500200ADD27C /* Info.plist */ = {isa = PBXFileReference; lastKnownFileType = text.plist.xml; path = Info.plist; sourceTree = "<group>"; };
		0BDAC90A2BB4506700ADD27C /* Constants.swift */ = {isa = PBXFileReference; lastKnownFileType = sourcecode.swift; path = Constants.swift; sourceTree = "<group>"; };
		0BDAC90C2BB450D700ADD27C /* ExampleContainerViewController.swift */ = {isa = PBXFileReference; lastKnownFileType = sourcecode.swift; path = ExampleContainerViewController.swift; sourceTree = "<group>"; };
		0BDAC9122BB4518900ADD27C /* Basic.swift */ = {isa = PBXFileReference; lastKnownFileType = sourcecode.swift; path = Basic.swift; sourceTree = "<group>"; };
		0BDAC9152BB7067100ADD27C /* Advanced.swift */ = {isa = PBXFileReference; lastKnownFileType = sourcecode.swift; path = Advanced.swift; sourceTree = "<group>"; };
/* End PBXFileReference section */

/* Begin PBXFrameworksBuildPhase section */
		0BDAC8F02BB4500100ADD27C /* Frameworks */ = {
			isa = PBXFrameworksBuildPhase;
			buildActionMask = 2147483647;
			files = (
			);
			runOnlyForDeploymentPostprocessing = 0;
		};
/* End PBXFrameworksBuildPhase section */

/* Begin PBXGroup section */
		0B97A5302BBC3B480071D38F /* CustomBars */ = {
			isa = PBXGroup;
			children = (
				0B97A5312BBC3B480071D38F /* CustomBottomBannerView.xib */,
				0B97A5322BBC3B480071D38F /* CustomBarsViewController.swift */,
				0B97A5332BBC3B480071D38F /* CustomBottomBannerView.swift */,
			);
			path = CustomBars;
			sourceTree = "<group>";
		};
		0BDAC8EA2BB4500100ADD27C = {
			isa = PBXGroup;
			children = (
				0BDAC8F52BB4500100ADD27C /* Navigation-Examples */,
				0BDAC8F42BB4500100ADD27C /* Products */,
			);
			sourceTree = "<group>";
		};
		0BDAC8F42BB4500100ADD27C /* Products */ = {
			isa = PBXGroup;
			children = (
				0BDAC8F32BB4500100ADD27C /* Navigation-Examples.app */,
			);
			name = Products;
			sourceTree = "<group>";
		};
		0BDAC8F52BB4500100ADD27C /* Navigation-Examples */ = {
			isa = PBXGroup;
			children = (
				0BDAC8F62BB4500100ADD27C /* AppDelegate.swift */,
				0BDAC8F82BB4500100ADD27C /* SceneDelegate.swift */,
				0BDAC8FA2BB4500100ADD27C /* ExampleTableViewController.swift */,
				0BDAC90C2BB450D700ADD27C /* ExampleContainerViewController.swift */,
				0BDAC90E2BB450EB00ADD27C /* Examples */,
				0BDAC90A2BB4506700ADD27C /* Constants.swift */,
				0BDAC8FC2BB4500100ADD27C /* Main.storyboard */,
				0BDAC8FF2BB4500200ADD27C /* Assets.xcassets */,
				0BDAC9012BB4500200ADD27C /* LaunchScreen.storyboard */,
				0BDAC9042BB4500200ADD27C /* Info.plist */,
			);
			path = "Navigation-Examples";
			sourceTree = "<group>";
		};
		0BDAC90E2BB450EB00ADD27C /* Examples */ = {
			isa = PBXGroup;
			children = (
				0B97A5302BBC3B480071D38F /* CustomBars */,
				0BDAC9122BB4518900ADD27C /* Basic.swift */,
				0B97A52C2BBBF4230071D38F /* Beta-Query-Parameters.swift */,
				0BDAC9152BB7067100ADD27C /* Advanced.swift */,
				0B8442DC2BBE9D9E00981D0F /* Embedded-Navigation.swift */,
				0B8442DE2BBE9FAD00981D0F /* EmbeddedExamples.storyboard */,
				0B1804682BBADDE600DD6D51 /* History-Recording.swift */,
				0B8442E02BBED09400981D0F /* Custom-Voice-Controller.swift */,
				0B8442D62BBD526E00981D0F /* Offline-Regions.swift */,
				0B8442D82BBD8F2500981D0F /* Styled-UI-Elements.swift */,
			);
			path = Examples;
			sourceTree = "<group>";
		};
/* End PBXGroup section */

/* Begin PBXNativeTarget section */
		0BDAC8F22BB4500100ADD27C /* Navigation-Examples */ = {
			isa = PBXNativeTarget;
			buildConfigurationList = 0BDAC9072BB4500200ADD27C /* Build configuration list for PBXNativeTarget "Navigation-Examples" */;
			buildPhases = (
				0BDAC8EF2BB4500100ADD27C /* Sources */,
				0BDAC8F02BB4500100ADD27C /* Frameworks */,
				0BDAC8F12BB4500100ADD27C /* Resources */,
				0BDAC9142BB45FB500ADD27C /* Apply Mapbox Token */,
			);
			buildRules = (
			);
			dependencies = (
			);
			name = "Navigation-Examples";
			packageProductDependencies = (
			);
			productName = "Navigation-Examples-V2+";
			productReference = 0BDAC8F32BB4500100ADD27C /* Navigation-Examples.app */;
			productType = "com.apple.product-type.application";
		};
/* End PBXNativeTarget section */

/* Begin PBXProject section */
		0BDAC8EB2BB4500100ADD27C /* Project object */ = {
			isa = PBXProject;
			attributes = {
				BuildIndependentTargetsInParallel = 1;
				LastSwiftUpdateCheck = 1500;
				LastUpgradeCheck = 1500;
				TargetAttributes = {
					0BDAC8F22BB4500100ADD27C = {
						CreatedOnToolsVersion = 15.0.1;
					};
				};
			};
			buildConfigurationList = 0BDAC8EE2BB4500100ADD27C /* Build configuration list for PBXProject "Navigation-Examples" */;
			compatibilityVersion = "Xcode 14.0";
			developmentRegion = en;
			hasScannedForEncodings = 0;
			knownRegions = (
				en,
				Base,
			);
			mainGroup = 0BDAC8EA2BB4500100ADD27C;
			packageReferences = (
				2C90B6302BC955FF00EE1861 /* XCLocalSwiftPackageReference ".." */,
			);
			productRefGroup = 0BDAC8F42BB4500100ADD27C /* Products */;
			projectDirPath = "";
			projectRoot = "";
			targets = (
				0BDAC8F22BB4500100ADD27C /* Navigation-Examples */,
			);
		};
/* End PBXProject section */

/* Begin PBXResourcesBuildPhase section */
		0BDAC8F12BB4500100ADD27C /* Resources */ = {
			isa = PBXResourcesBuildPhase;
			buildActionMask = 2147483647;
			files = (
				0B97A5342BBC3B480071D38F /* CustomBottomBannerView.xib in Resources */,
				0BDAC9032BB4500200ADD27C /* LaunchScreen.storyboard in Resources */,
				0BDAC9002BB4500200ADD27C /* Assets.xcassets in Resources */,
				0B8442DF2BBE9FAD00981D0F /* EmbeddedExamples.storyboard in Resources */,
				0BDAC8FE2BB4500100ADD27C /* Main.storyboard in Resources */,
			);
			runOnlyForDeploymentPostprocessing = 0;
		};
/* End PBXResourcesBuildPhase section */

/* Begin PBXShellScriptBuildPhase section */
		0BDAC9142BB45FB500ADD27C /* Apply Mapbox Token */ = {
			isa = PBXShellScriptBuildPhase;
			alwaysOutOfDate = 1;
			buildActionMask = 2147483647;
			files = (
			);
			inputFileListPaths = (
			);
			inputPaths = (
				"$(TARGET_BUILD_DIR)/$(INFOPLIST_PATH)",
			);
			name = "Apply Mapbox Token";
			outputFileListPaths = (
			);
			outputPaths = (
			);
			runOnlyForDeploymentPostprocessing = 0;
			shellPath = /bin/sh;
			shellScript = "$SRCROOT/Scripts/apply-mapbox-access-token.sh\n";
		};
/* End PBXShellScriptBuildPhase section */

/* Begin PBXSourcesBuildPhase section */
		0BDAC8EF2BB4500100ADD27C /* Sources */ = {
			isa = PBXSourcesBuildPhase;
			buildActionMask = 2147483647;
			files = (
				0B8442D92BBD8F2500981D0F /* Styled-UI-Elements.swift in Sources */,
				0B97A5362BBC3B480071D38F /* CustomBottomBannerView.swift in Sources */,
				0BDAC8FB2BB4500100ADD27C /* ExampleTableViewController.swift in Sources */,
				0BDAC8F72BB4500100ADD27C /* AppDelegate.swift in Sources */,
				0BDAC9132BB4518900ADD27C /* Basic.swift in Sources */,
				0B97A5352BBC3B480071D38F /* CustomBarsViewController.swift in Sources */,
				0B8442E12BBED09400981D0F /* Custom-Voice-Controller.swift in Sources */,
				0B1804692BBADDE600DD6D51 /* History-Recording.swift in Sources */,
				0BDAC9162BB7067100ADD27C /* Advanced.swift in Sources */,
				0BDAC8F92BB4500100ADD27C /* SceneDelegate.swift in Sources */,
				0BDAC90D2BB450D700ADD27C /* ExampleContainerViewController.swift in Sources */,
				0BDAC90B2BB4506700ADD27C /* Constants.swift in Sources */,
				0B97A52D2BBBF4230071D38F /* Beta-Query-Parameters.swift in Sources */,
				0B8442D72BBD526E00981D0F /* Offline-Regions.swift in Sources */,
				0B8442DD2BBE9D9E00981D0F /* Embedded-Navigation.swift in Sources */,
			);
			runOnlyForDeploymentPostprocessing = 0;
		};
/* End PBXSourcesBuildPhase section */

/* Begin PBXVariantGroup section */
		0BDAC8FC2BB4500100ADD27C /* Main.storyboard */ = {
			isa = PBXVariantGroup;
			children = (
				0BDAC8FD2BB4500100ADD27C /* Base */,
			);
			name = Main.storyboard;
			sourceTree = "<group>";
		};
		0BDAC9012BB4500200ADD27C /* LaunchScreen.storyboard */ = {
			isa = PBXVariantGroup;
			children = (
				0BDAC9022BB4500200ADD27C /* Base */,
			);
			name = LaunchScreen.storyboard;
			sourceTree = "<group>";
		};
/* End PBXVariantGroup section */

/* Begin XCBuildConfiguration section */
		0BDAC9052BB4500200ADD27C /* Debug */ = {
			isa = XCBuildConfiguration;
			buildSettings = {
				ALWAYS_SEARCH_USER_PATHS = NO;
				ASSETCATALOG_COMPILER_GENERATE_SWIFT_ASSET_SYMBOL_EXTENSIONS = YES;
				CLANG_ANALYZER_NONNULL = YES;
				CLANG_ANALYZER_NUMBER_OBJECT_CONVERSION = YES_AGGRESSIVE;
				CLANG_CXX_LANGUAGE_STANDARD = "gnu++20";
				CLANG_ENABLE_MODULES = YES;
				CLANG_ENABLE_OBJC_ARC = YES;
				CLANG_ENABLE_OBJC_WEAK = YES;
				CLANG_WARN_BLOCK_CAPTURE_AUTORELEASING = YES;
				CLANG_WARN_BOOL_CONVERSION = YES;
				CLANG_WARN_COMMA = YES;
				CLANG_WARN_CONSTANT_CONVERSION = YES;
				CLANG_WARN_DEPRECATED_OBJC_IMPLEMENTATIONS = YES;
				CLANG_WARN_DIRECT_OBJC_ISA_USAGE = YES_ERROR;
				CLANG_WARN_DOCUMENTATION_COMMENTS = YES;
				CLANG_WARN_EMPTY_BODY = YES;
				CLANG_WARN_ENUM_CONVERSION = YES;
				CLANG_WARN_INFINITE_RECURSION = YES;
				CLANG_WARN_INT_CONVERSION = YES;
				CLANG_WARN_NON_LITERAL_NULL_CONVERSION = YES;
				CLANG_WARN_OBJC_IMPLICIT_RETAIN_SELF = YES;
				CLANG_WARN_OBJC_LITERAL_CONVERSION = YES;
				CLANG_WARN_OBJC_ROOT_CLASS = YES_ERROR;
				CLANG_WARN_QUOTED_INCLUDE_IN_FRAMEWORK_HEADER = YES;
				CLANG_WARN_RANGE_LOOP_ANALYSIS = YES;
				CLANG_WARN_STRICT_PROTOTYPES = YES;
				CLANG_WARN_SUSPICIOUS_MOVE = YES;
				CLANG_WARN_UNGUARDED_AVAILABILITY = YES_AGGRESSIVE;
				CLANG_WARN_UNREACHABLE_CODE = YES;
				CLANG_WARN__DUPLICATE_METHOD_MATCH = YES;
				COPY_PHASE_STRIP = NO;
				DEBUG_INFORMATION_FORMAT = dwarf;
				ENABLE_STRICT_OBJC_MSGSEND = YES;
				ENABLE_TESTABILITY = YES;
				ENABLE_USER_SCRIPT_SANDBOXING = YES;
				GCC_C_LANGUAGE_STANDARD = gnu17;
				GCC_DYNAMIC_NO_PIC = NO;
				GCC_NO_COMMON_BLOCKS = YES;
				GCC_OPTIMIZATION_LEVEL = 0;
				GCC_PREPROCESSOR_DEFINITIONS = (
					"DEBUG=1",
					"$(inherited)",
				);
				GCC_WARN_64_TO_32_BIT_CONVERSION = YES;
				GCC_WARN_ABOUT_RETURN_TYPE = YES_ERROR;
				GCC_WARN_UNDECLARED_SELECTOR = YES;
				GCC_WARN_UNINITIALIZED_AUTOS = YES_AGGRESSIVE;
				GCC_WARN_UNUSED_FUNCTION = YES;
				GCC_WARN_UNUSED_VARIABLE = YES;
				IPHONEOS_DEPLOYMENT_TARGET = 17.0;
				LOCALIZATION_PREFERS_STRING_CATALOGS = YES;
				MTL_ENABLE_DEBUG_INFO = INCLUDE_SOURCE;
				MTL_FAST_MATH = YES;
				ONLY_ACTIVE_ARCH = YES;
				SDKROOT = iphoneos;
				SWIFT_ACTIVE_COMPILATION_CONDITIONS = "DEBUG $(inherited)";
				SWIFT_OPTIMIZATION_LEVEL = "-Onone";
			};
			name = Debug;
		};
		0BDAC9062BB4500200ADD27C /* Release */ = {
			isa = XCBuildConfiguration;
			buildSettings = {
				ALWAYS_SEARCH_USER_PATHS = NO;
				ASSETCATALOG_COMPILER_GENERATE_SWIFT_ASSET_SYMBOL_EXTENSIONS = YES;
				CLANG_ANALYZER_NONNULL = YES;
				CLANG_ANALYZER_NUMBER_OBJECT_CONVERSION = YES_AGGRESSIVE;
				CLANG_CXX_LANGUAGE_STANDARD = "gnu++20";
				CLANG_ENABLE_MODULES = YES;
				CLANG_ENABLE_OBJC_ARC = YES;
				CLANG_ENABLE_OBJC_WEAK = YES;
				CLANG_WARN_BLOCK_CAPTURE_AUTORELEASING = YES;
				CLANG_WARN_BOOL_CONVERSION = YES;
				CLANG_WARN_COMMA = YES;
				CLANG_WARN_CONSTANT_CONVERSION = YES;
				CLANG_WARN_DEPRECATED_OBJC_IMPLEMENTATIONS = YES;
				CLANG_WARN_DIRECT_OBJC_ISA_USAGE = YES_ERROR;
				CLANG_WARN_DOCUMENTATION_COMMENTS = YES;
				CLANG_WARN_EMPTY_BODY = YES;
				CLANG_WARN_ENUM_CONVERSION = YES;
				CLANG_WARN_INFINITE_RECURSION = YES;
				CLANG_WARN_INT_CONVERSION = YES;
				CLANG_WARN_NON_LITERAL_NULL_CONVERSION = YES;
				CLANG_WARN_OBJC_IMPLICIT_RETAIN_SELF = YES;
				CLANG_WARN_OBJC_LITERAL_CONVERSION = YES;
				CLANG_WARN_OBJC_ROOT_CLASS = YES_ERROR;
				CLANG_WARN_QUOTED_INCLUDE_IN_FRAMEWORK_HEADER = YES;
				CLANG_WARN_RANGE_LOOP_ANALYSIS = YES;
				CLANG_WARN_STRICT_PROTOTYPES = YES;
				CLANG_WARN_SUSPICIOUS_MOVE = YES;
				CLANG_WARN_UNGUARDED_AVAILABILITY = YES_AGGRESSIVE;
				CLANG_WARN_UNREACHABLE_CODE = YES;
				CLANG_WARN__DUPLICATE_METHOD_MATCH = YES;
				COPY_PHASE_STRIP = NO;
				DEBUG_INFORMATION_FORMAT = "dwarf-with-dsym";
				ENABLE_NS_ASSERTIONS = NO;
				ENABLE_STRICT_OBJC_MSGSEND = YES;
				ENABLE_USER_SCRIPT_SANDBOXING = YES;
				GCC_C_LANGUAGE_STANDARD = gnu17;
				GCC_NO_COMMON_BLOCKS = YES;
				GCC_WARN_64_TO_32_BIT_CONVERSION = YES;
				GCC_WARN_ABOUT_RETURN_TYPE = YES_ERROR;
				GCC_WARN_UNDECLARED_SELECTOR = YES;
				GCC_WARN_UNINITIALIZED_AUTOS = YES_AGGRESSIVE;
				GCC_WARN_UNUSED_FUNCTION = YES;
				GCC_WARN_UNUSED_VARIABLE = YES;
				IPHONEOS_DEPLOYMENT_TARGET = 17.0;
				LOCALIZATION_PREFERS_STRING_CATALOGS = YES;
				MTL_ENABLE_DEBUG_INFO = NO;
				MTL_FAST_MATH = YES;
				SDKROOT = iphoneos;
				SWIFT_COMPILATION_MODE = wholemodule;
				VALIDATE_PRODUCT = YES;
			};
			name = Release;
		};
		0BDAC9082BB4500200ADD27C /* Debug */ = {
			isa = XCBuildConfiguration;
			buildSettings = {
				ASSETCATALOG_COMPILER_APPICON_NAME = AppIcon;
				ASSETCATALOG_COMPILER_GLOBAL_ACCENT_COLOR_NAME = AccentColor;
				CODE_SIGN_STYLE = Automatic;
				CURRENT_PROJECT_VERSION = 1;
				DEVELOPMENT_TEAM = GJZR2MEM28;
				ENABLE_USER_SCRIPT_SANDBOXING = NO;
				GENERATE_INFOPLIST_FILE = YES;
				INFOPLIST_FILE = "Navigation-Examples/Info.plist";
				INFOPLIST_KEY_UIApplicationSupportsIndirectInputEvents = YES;
				INFOPLIST_KEY_UILaunchStoryboardName = LaunchScreen;
				INFOPLIST_KEY_UIMainStoryboardFile = Main;
				INFOPLIST_KEY_UISupportedInterfaceOrientations_iPad = "UIInterfaceOrientationPortrait UIInterfaceOrientationPortraitUpsideDown UIInterfaceOrientationLandscapeLeft UIInterfaceOrientationLandscapeRight";
				INFOPLIST_KEY_UISupportedInterfaceOrientations_iPhone = "UIInterfaceOrientationPortrait UIInterfaceOrientationLandscapeLeft UIInterfaceOrientationLandscapeRight";
				IPHONEOS_DEPLOYMENT_TARGET = 15.0;
				LD_RUNPATH_SEARCH_PATHS = (
					"$(inherited)",
					"@executable_path/Frameworks",
				);
				MARKETING_VERSION = 1.0;
				PRODUCT_BUNDLE_IDENTIFIER = "com.Mapbox.Navigation-Examples";
				PRODUCT_NAME = "$(TARGET_NAME)";
				SWIFT_EMIT_LOC_STRINGS = YES;
				SWIFT_VERSION = 5.0;
				TARGETED_DEVICE_FAMILY = "1,2";
			};
			name = Debug;
		};
		0BDAC9092BB4500200ADD27C /* Release */ = {
			isa = XCBuildConfiguration;
			buildSettings = {
				ASSETCATALOG_COMPILER_APPICON_NAME = AppIcon;
				ASSETCATALOG_COMPILER_GLOBAL_ACCENT_COLOR_NAME = AccentColor;
				CODE_SIGN_STYLE = Automatic;
				CURRENT_PROJECT_VERSION = 1;
				DEVELOPMENT_TEAM = GJZR2MEM28;
				ENABLE_USER_SCRIPT_SANDBOXING = NO;
				GENERATE_INFOPLIST_FILE = YES;
				INFOPLIST_FILE = "Navigation-Examples/Info.plist";
				INFOPLIST_KEY_UIApplicationSupportsIndirectInputEvents = YES;
				INFOPLIST_KEY_UILaunchStoryboardName = LaunchScreen;
				INFOPLIST_KEY_UIMainStoryboardFile = Main;
				INFOPLIST_KEY_UISupportedInterfaceOrientations_iPad = "UIInterfaceOrientationPortrait UIInterfaceOrientationPortraitUpsideDown UIInterfaceOrientationLandscapeLeft UIInterfaceOrientationLandscapeRight";
				INFOPLIST_KEY_UISupportedInterfaceOrientations_iPhone = "UIInterfaceOrientationPortrait UIInterfaceOrientationLandscapeLeft UIInterfaceOrientationLandscapeRight";
				IPHONEOS_DEPLOYMENT_TARGET = 15.0;
				LD_RUNPATH_SEARCH_PATHS = (
					"$(inherited)",
					"@executable_path/Frameworks",
				);
				MARKETING_VERSION = 1.0;
				PRODUCT_BUNDLE_IDENTIFIER = "com.Mapbox.Navigation-Examples";
				PRODUCT_NAME = "$(TARGET_NAME)";
				SWIFT_EMIT_LOC_STRINGS = YES;
				SWIFT_VERSION = 5.0;
				TARGETED_DEVICE_FAMILY = "1,2";
			};
			name = Release;
		};
/* End XCBuildConfiguration section */

/* Begin XCConfigurationList section */
		0BDAC8EE2BB4500100ADD27C /* Build configuration list for PBXProject "Navigation-Examples" */ = {
			isa = XCConfigurationList;
			buildConfigurations = (
				0BDAC9052BB4500200ADD27C /* Debug */,
				0BDAC9062BB4500200ADD27C /* Release */,
			);
			defaultConfigurationIsVisible = 0;
			defaultConfigurationName = Release;
		};
		0BDAC9072BB4500200ADD27C /* Build configuration list for PBXNativeTarget "Navigation-Examples" */ = {
			isa = XCConfigurationList;
			buildConfigurations = (
				0BDAC9082BB4500200ADD27C /* Debug */,
				0BDAC9092BB4500200ADD27C /* Release */,
			);
			defaultConfigurationIsVisible = 0;
			defaultConfigurationName = Release;
		};
/* End XCConfigurationList section */

/* Begin XCLocalSwiftPackageReference section */
		2C90B6302BC955FF00EE1861 /* XCLocalSwiftPackageReference ".." */ = {
			isa = XCLocalSwiftPackageReference;
			relativePath = ..;
		};
/* End XCLocalSwiftPackageReference section */
	};
	rootObject = 0BDAC8EB2BB4500100ADD27C /* Project object */;
}
