{
  "pins" : [
    {
      "identity" : "mapbox-common-ios",
      "kind" : "remoteSourceControl",
      "location" : "https://github.com/mapbox/mapbox-common-ios.git",
      "state" : {
        "revision" : "9c04997ed32c5b2506eb704f9f7a16367b5dcc64",
        "version" : "24.4.0"
      }
    },
    {
      "identity" : "mapbox-navigation-native-ios",
      "kind" : "remoteSourceControl",
      "location" : "https://github.com/mapbox/mapbox-navigation-native-ios.git",
      "state" : {
        "revision" : "738d5a7f8c06a1c6eb27d9304c902abf5bbe7514",
        "version" : "311.0.0"
      }
    },
    {
      "identity" : "mapboxgeocoder.swift",
      "kind" : "remoteSourceControl",
      "location" : "https://github.com/mapbox/mapboxgeocoder.swift",
      "state" : {
        "revision" : "10c497840c9e1142194563f402ddc903310a935d",
        "version" : "0.15.0"
      }
    }
  ],
  "version" : 2
}
